PODS:
  - Bytedance-UnionAD (1.0.0)
  - Google-Mobile-Ads-SDK (7.34.0)

DEPENDENCIES:
  - Bytedance-UnionAD (from `../`)
  - Google-Mobile-Ads-SDK

SPEC REPOS:
  https://github.com/cocoapods/specs.git:
    - Google-Mobile-Ads-SDK

EXTERNAL SOURCES:
  Bytedance-UnionAD:
    :path: "../"

SPEC CHECKSUMS:
  Bytedance-UnionAD: d42a582e5931b9511182c82da88b7035941be6d7
  Google-Mobile-Ads-SDK: a1cbce28c0c78ca1fb0b6c4f213485f55527c99f

PODFILE CHECKSUM: 286c5690707200fd8c81c323c91bdde83d9bd125

COCOAPODS: 1.5.3
