PODS:
  - Ads-Global (3.4.4.3):
    - Ads-Global/BUAdSDK (= 3.4.4.3)
  - Ads-Global/BUAdSDK (3.4.4.3):
    - Ads-Global/BUFoundation
    - Ads-Global/International
  - Ads-Global/BUFoundation (3.4.4.3)
  - Ads-Global/International (3.4.4.3)

DEPENDENCIES:
  - Ads-Global

SPEC REPOS:
  trunk:
    - Ads-Global

SPEC CHECKSUMS:
  Ads-Global: 68a120508b26bf1a23411cfbf95c8ecf80ba6bf2

PODFILE CHECKSUM: faab7e005e265dfea550171faf08811c058cc0fb

COCOAPODS: 1.10.1
