// !$*UTF8*$!
{
	archiveVersion = 1;
	classes = {
	};
	objectVersion = 51;
	objects = {

/* Begin PBXBuildFile section */
		0C2E3B738CFCFB091F18A13F /* libPods-Demo-BUADVADemo.a in Frameworks */ = {isa = PBXBuildFile; fileRef = C69C285A694613E5BF80895F /* libPods-Demo-BUADVADemo.a */; };
		2B08E58C24E6B74F00B58F2F /* libxml2.tbd in Frameworks */ = {isa = PBXBuildFile; fileRef = 2B08E58B24E6B74F00B58F2F /* libxml2.tbd */; };
		2B0D2E4628584BB500676DE9 /* BUDMainViewModel.m in Sources */ = {isa = PBXBuildFile; fileRef = 2B0D2DF028584BB400676DE9 /* BUDMainViewModel.m */; };
		2B0D2E4728584BB500676DE9 /* BUDRewardedVideoAgainDelegateObj.m in Sources */ = {isa = PBXBuildFile; fileRef = 2B0D2DF128584BB400676DE9 /* BUDRewardedVideoAgainDelegateObj.m */; };
		2B0D2E4828584BB500676DE9 /* BUDSlotViewModel.m in Sources */ = {isa = PBXBuildFile; fileRef = 2B0D2DF228584BB400676DE9 /* BUDSlotViewModel.m */; };
		2B0D2E4928584BB500676DE9 /* BUDExpressRewardedVideoAgainDelegateObj.m in Sources */ = {isa = PBXBuildFile; fileRef = 2B0D2DF328584BB400676DE9 /* BUDExpressRewardedVideoAgainDelegateObj.m */; };
		2B0D2E4A28584BB500676DE9 /* BUDNativeViewController.m in Sources */ = {isa = PBXBuildFile; fileRef = 2B0D2DFE28584BB400676DE9 /* BUDNativeViewController.m */; };
		2B0D2E4B28584BB500676DE9 /* BUDBaseExampleViewController.m in Sources */ = {isa = PBXBuildFile; fileRef = 2B0D2E0128584BB400676DE9 /* BUDBaseExampleViewController.m */; };
		2B0D2E4C28584BB500676DE9 /* BUDSettingViewController.m in Sources */ = {isa = PBXBuildFile; fileRef = 2B0D2E0228584BB400676DE9 /* BUDSettingViewController.m */; };
		2B0D2E4D28584BB500676DE9 /* BUDPersonalPromptsWebViewController.m in Sources */ = {isa = PBXBuildFile; fileRef = 2B0D2E0328584BB400676DE9 /* BUDPersonalPromptsWebViewController.m */; };
		2B0D2E4E28584BB500676DE9 /* BUDCustomDislikeViewController.m in Sources */ = {isa = PBXBuildFile; fileRef = 2B0D2E0428584BB400676DE9 /* BUDCustomDislikeViewController.m */; };
		2B0D2E4F28584BB500676DE9 /* BUDRewardedViewController.m in Sources */ = {isa = PBXBuildFile; fileRef = 2B0D2E0628584BB400676DE9 /* BUDRewardedViewController.m */; };
		2B0D2E5028584BB500676DE9 /* BULOpenAppViewController.m in Sources */ = {isa = PBXBuildFile; fileRef = 2B0D2E0A28584BB400676DE9 /* BULOpenAppViewController.m */; };
		2B0D2E5128584BB500676DE9 /* BUDBannerViewController.m in Sources */ = {isa = PBXBuildFile; fileRef = 2B0D2E0D28584BB400676DE9 /* BUDBannerViewController.m */; };
		2B0D2E5228584BB500676DE9 /* BUDTestToolsViewController.m in Sources */ = {isa = PBXBuildFile; fileRef = 2B0D2E0F28584BB400676DE9 /* BUDTestToolsViewController.m */; };
		2B0D2E5328584BB500676DE9 /* BUDAdManager.m in Sources */ = {isa = PBXBuildFile; fileRef = 2B0D2E1028584BB400676DE9 /* BUDAdManager.m */; };
		2B0D2E5428584BB500676DE9 /* BUDConfigModel.m in Sources */ = {isa = PBXBuildFile; fileRef = 2B0D2E1328584BB400676DE9 /* BUDConfigModel.m */; };
		2B0D2E5528584BB500676DE9 /* BUDFeedNormalModel.m in Sources */ = {isa = PBXBuildFile; fileRef = 2B0D2E1528584BB400676DE9 /* BUDFeedNormalModel.m */; };
		2B0D2E5628584BB500676DE9 /* BUDSelcetedItem.m in Sources */ = {isa = PBXBuildFile; fileRef = 2B0D2E1728584BB400676DE9 /* BUDSelcetedItem.m */; };
		2B0D2E5728584BB500676DE9 /* BUDFeedNormalTableViewCell.m in Sources */ = {isa = PBXBuildFile; fileRef = 2B0D2E1D28584BB400676DE9 /* BUDFeedNormalTableViewCell.m */; };
		2B0D2E5828584BB500676DE9 /* BUDCustomPlayerAdView.m in Sources */ = {isa = PBXBuildFile; fileRef = 2B0D2E1F28584BB400676DE9 /* BUDCustomPlayerAdView.m */; };
		2B0D2E5928584BB500676DE9 /* BUDRefreshButton.m in Sources */ = {isa = PBXBuildFile; fileRef = 2B0D2E2028584BB400676DE9 /* BUDRefreshButton.m */; };
		2B0D2E5A28584BB500676DE9 /* BUDNormalButton.m in Sources */ = {isa = PBXBuildFile; fileRef = 2B0D2E2128584BB400676DE9 /* BUDNormalButton.m */; };
		2B0D2E5B28584BB500676DE9 /* BUDSelectedCollectionViewCell.m in Sources */ = {isa = PBXBuildFile; fileRef = 2B0D2E2328584BB400676DE9 /* BUDSelectedCollectionViewCell.m */; };
		2B0D2E5C28584BB500676DE9 /* BUDCollectionViewCell.m in Sources */ = {isa = PBXBuildFile; fileRef = 2B0D2E2528584BB400676DE9 /* BUDCollectionViewCell.m */; };
		2B0D2E5D28584BB500676DE9 /* BUDNativeView.m in Sources */ = {isa = PBXBuildFile; fileRef = 2B0D2E2728584BB400676DE9 /* BUDNativeView.m */; };
		2B0D2E5E28584BB500676DE9 /* BUDSettingTableView.m in Sources */ = {isa = PBXBuildFile; fileRef = 2B0D2E2828584BB400676DE9 /* BUDSettingTableView.m */; };
		2B0D2E5F28584BB500676DE9 /* BUDFeedStyleHelper.m in Sources */ = {isa = PBXBuildFile; fileRef = 2B0D2E2928584BB400676DE9 /* BUDFeedStyleHelper.m */; };
		2B0D2E6028584BB500676DE9 /* BUDDrawTableViewCell.m in Sources */ = {isa = PBXBuildFile; fileRef = 2B0D2E2A28584BB400676DE9 /* BUDDrawTableViewCell.m */; };
		2B0D2E6128584BB500676DE9 /* BUDSwitchView.m in Sources */ = {isa = PBXBuildFile; fileRef = 2B0D2E2E28584BB400676DE9 /* BUDSwitchView.m */; };
		2B0D2E6228584BB500676DE9 /* BUDSelectedView.m in Sources */ = {isa = PBXBuildFile; fileRef = 2B0D2E3028584BB400676DE9 /* BUDSelectedView.m */; };
		2B0D2E6328584BB500676DE9 /* BUDNativeBannerTableViewCell.m in Sources */ = {isa = PBXBuildFile; fileRef = 2B0D2E3128584BB400676DE9 /* BUDNativeBannerTableViewCell.m */; };
		2B0D2E6428584BB500676DE9 /* BUDPasterContentView.m in Sources */ = {isa = PBXBuildFile; fileRef = 2B0D2E3228584BB400676DE9 /* BUDPasterContentView.m */; };
		2B0D2E6528584BB500676DE9 /* BUDFeedNativeTableViewCell.m in Sources */ = {isa = PBXBuildFile; fileRef = 2B0D2E3328584BB400676DE9 /* BUDFeedNativeTableViewCell.m */; };
		2B0D2E6628584BB500676DE9 /* BUDVideoView.m in Sources */ = {isa = PBXBuildFile; fileRef = 2B0D2E3628584BB400676DE9 /* BUDVideoView.m */; };
		2B0D2E6728584BB500676DE9 /* BUDdemoDislikeCollectionCell.m in Sources */ = {isa = PBXBuildFile; fileRef = 2B0D2E3728584BB400676DE9 /* BUDdemoDislikeCollectionCell.m */; };
		2B0D2E6828584BB500676DE9 /* BUDActionAreaView.m in Sources */ = {isa = PBXBuildFile; fileRef = 2B0D2E3A28584BB500676DE9 /* BUDActionAreaView.m */; };
		2B0D2E6928584BB500676DE9 /* BUDFeedAdTableViewCell.m in Sources */ = {isa = PBXBuildFile; fileRef = 2B0D2E3C28584BB500676DE9 /* BUDFeedAdTableViewCell.m */; };
		2B0D2E6A28584BB500676DE9 /* BUDNativeBannerView.m in Sources */ = {isa = PBXBuildFile; fileRef = 2B0D2E4028584BB500676DE9 /* BUDNativeBannerView.m */; };
		2B0D2E6B28584BB500676DE9 /* BUDWebViewController.m in Sources */ = {isa = PBXBuildFile; fileRef = 2B0D2E4128584BB500676DE9 /* BUDWebViewController.m */; };
		2B0D2E6C28584BB500676DE9 /* BUDFeedAdView.m in Sources */ = {isa = PBXBuildFile; fileRef = 2B0D2E4228584BB500676DE9 /* BUDFeedAdView.m */; };
		2B0D2E9028584BCC00676DE9 /* BUDExampleDefine.m in Sources */ = {isa = PBXBuildFile; fileRef = 2B0D2E7128584BCC00676DE9 /* BUDExampleDefine.m */; };
		2B0D2E9128584BCC00676DE9 /* BUDActionCellDefine.m in Sources */ = {isa = PBXBuildFile; fileRef = 2B0D2E7228584BCC00676DE9 /* BUDActionCellDefine.m */; };
		2B0D2E9228584BCC00676DE9 /* BUDActionCellView.m in Sources */ = {isa = PBXBuildFile; fileRef = 2B0D2E7328584BCC00676DE9 /* BUDActionCellView.m */; };
		2B0D2E9328584BCC00676DE9 /* BUDMainViewController.m in Sources */ = {isa = PBXBuildFile; fileRef = 2B0D2E7828584BCC00676DE9 /* BUDMainViewController.m */; };
		2B0D2E9428584BCC00676DE9 /* BUDBase64.m in Sources */ = {isa = PBXBuildFile; fileRef = 2B0D2E7A28584BCC00676DE9 /* BUDBase64.m */; };
		2B0D2E9528584BCC00676DE9 /* UIColor+DarkMode.m in Sources */ = {isa = PBXBuildFile; fileRef = 2B0D2E7D28584BCC00676DE9 /* UIColor+DarkMode.m */; };
		2B0D2E9628584BCC00676DE9 /* UIView+Draw.m in Sources */ = {isa = PBXBuildFile; fileRef = 2B0D2E7E28584BCC00676DE9 /* UIView+Draw.m */; };
		2B0D2E9728584BCC00676DE9 /* NSString+Json.m in Sources */ = {isa = PBXBuildFile; fileRef = 2B0D2E7F28584BCC00676DE9 /* NSString+Json.m */; };
		2B0D2E9828584BCC00676DE9 /* NSString+LocalizedString.m in Sources */ = {isa = PBXBuildFile; fileRef = 2B0D2E8028584BCC00676DE9 /* NSString+LocalizedString.m */; };
		2B0D2E9928584BCC00676DE9 /* BUDAnimationTool.m in Sources */ = {isa = PBXBuildFile; fileRef = 2B0D2E8628584BCC00676DE9 /* BUDAnimationTool.m */; };
		2B0D2E9A28584BCC00676DE9 /* RRFPSBar.m in Sources */ = {isa = PBXBuildFile; fileRef = 2B0D2E8A28584BCC00676DE9 /* RRFPSBar.m */; };
		2B0D2E9B28584BCC00676DE9 /* BUDSanWebViewController.m in Sources */ = {isa = PBXBuildFile; fileRef = 2B0D2E8D28584BCC00676DE9 /* BUDSanWebViewController.m */; };
		2B0D2E9C28584BCC00676DE9 /* BUDPrivacyProvider.m in Sources */ = {isa = PBXBuildFile; fileRef = 2B0D2E8F28584BCC00676DE9 /* BUDPrivacyProvider.m */; };
		2B0D2E9F28584C2800676DE9 /* BUDInterstitialViewController.m in Sources */ = {isa = PBXBuildFile; fileRef = 2B0D2E9E28584C2800676DE9 /* BUDInterstitialViewController.m */; };
		2B1171B028157A1600180E61 /* CoreML.framework in Frameworks */ = {isa = PBXBuildFile; fileRef = 2B1171AF28157A1600180E61 /* CoreML.framework */; settings = {ATTRIBUTES = (Weak, ); }; };
		2B1D7D5C255D236B00787A7F /* libc++abi.tbd in Frameworks */ = {isa = PBXBuildFile; fileRef = 2B1D7D5B255D236B00787A7F /* libc++abi.tbd */; };
		2B447987282B7D6E0074BAD2 /* BUDemoLanguage.strings in Resources */ = {isa = PBXBuildFile; fileRef = 2B4478F3282B7D6D0074BAD2 /* BUDemoLanguage.strings */; };
		2B447988282B7D6E0074BAD2 /* DevInfo.plist in Resources */ = {isa = PBXBuildFile; fileRef = 2B4478F7282B7D6D0074BAD2 /* DevInfo.plist */; };
		2B4479BA282B7D6E0074BAD2 /* LaunchScreen.strings in Resources */ = {isa = PBXBuildFile; fileRef = 2B44796E282B7D6E0074BAD2 /* LaunchScreen.strings */; };
		2B4479BB282B7D6E0074BAD2 /* Main.strings in Resources */ = {isa = PBXBuildFile; fileRef = 2B447970282B7D6E0074BAD2 /* Main.strings */; };
		2B4479BC282B7D6E0074BAD2 /* LaunchScreen.storyboard in Resources */ = {isa = PBXBuildFile; fileRef = 2B447976282B7D6E0074BAD2 /* LaunchScreen.storyboard */; };
		2B4479BD282B7D6E0074BAD2 /* Main.storyboard in Resources */ = {isa = PBXBuildFile; fileRef = 2B447978282B7D6E0074BAD2 /* Main.storyboard */; };
		2B4479BE282B7D6E0074BAD2 /* main.m in Sources */ = {isa = PBXBuildFile; fileRef = 2B44797A282B7D6E0074BAD2 /* main.m */; };
		2B4479BF282B7D6E0074BAD2 /* AppDelegate.m in Sources */ = {isa = PBXBuildFile; fileRef = 2B44797B282B7D6E0074BAD2 /* AppDelegate.m */; };
		2B4479C0282B7D6E0074BAD2 /* Assets.xcassets in Resources */ = {isa = PBXBuildFile; fileRef = 2B44797D282B7D6E0074BAD2 /* Assets.xcassets */; };
		2B4479C1282B7D6E0074BAD2 /* music.mp3 in Resources */ = {isa = PBXBuildFile; fileRef = 2B44797E282B7D6E0074BAD2 /* music.mp3 */; };
		2B4479C2282B7D6E0074BAD2 /* 1111.html in Resources */ = {isa = PBXBuildFile; fileRef = 2B44797F282B7D6E0074BAD2 /* 1111.html */; };
		2B4479C3282B7D6E0074BAD2 /* index1.css in Resources */ = {isa = PBXBuildFile; fileRef = 2B447980282B7D6E0074BAD2 /* index1.css */; };
		2B4479C4282B7D6E0074BAD2 /* index1.js in Resources */ = {isa = PBXBuildFile; fileRef = 2B447981282B7D6E0074BAD2 /* index1.js */; };
		2B4479C5282B7D6E0074BAD2 /* feedInfo.cactus in Resources */ = {isa = PBXBuildFile; fileRef = 2B447983282B7D6E0074BAD2 /* feedInfo.cactus */; };
		2B4479C6282B7D6E0074BAD2 /* index1.html in Resources */ = {isa = PBXBuildFile; fileRef = 2B447984282B7D6E0074BAD2 /* index1.html */; };
		2B6DD291255D439F00FF8CA5 /* BUDAdmob_BannerCustomEventAdapter.m in Sources */ = {isa = PBXBuildFile; fileRef = 2B6DD27A255D439F00FF8CA5 /* BUDAdmob_BannerCustomEventAdapter.m */; };
		2B6DD292255D439F00FF8CA5 /* BUDAdmob_FullScreenVideoCustomEventAdapter.m in Sources */ = {isa = PBXBuildFile; fileRef = 2B6DD27F255D439F00FF8CA5 /* BUDAdmob_FullScreenVideoCustomEventAdapter.m */; };
		2B6DD293255D439F00FF8CA5 /* BUDAdmob_RewardCustomEventAdapter.m in Sources */ = {isa = PBXBuildFile; fileRef = 2B6DD280255D439F00FF8CA5 /* BUDAdmob_RewardCustomEventAdapter.m */; };
		2B6DD294255D439F00FF8CA5 /* BUDAdmob_NativeFeedAd.m in Sources */ = {isa = PBXBuildFile; fileRef = 2B6DD281255D439F00FF8CA5 /* BUDAdmob_NativeFeedAd.m */; };
		2B6DD295255D439F00FF8CA5 /* BUDAdmob_NativeFeedCustomEventAdapter.m in Sources */ = {isa = PBXBuildFile; fileRef = 2B6DD282255D439F00FF8CA5 /* BUDAdmob_NativeFeedCustomEventAdapter.m */; };
		2B6DD296255D439F00FF8CA5 /* BUDAdmob_FullScreenCusEventVC.m in Sources */ = {isa = PBXBuildFile; fileRef = 2B6DD287255D439F00FF8CA5 /* BUDAdmob_FullScreenCusEventVC.m */; };
		2B6DD297255D439F00FF8CA5 /* BUDAdmob_FeedNativeCusEventVC.m in Sources */ = {isa = PBXBuildFile; fileRef = 2B6DD288255D439F00FF8CA5 /* BUDAdmob_FeedNativeCusEventVC.m */; };
		2B6DD298255D439F00FF8CA5 /* BUDAdmob_RewardVideoCusEventVC.m in Sources */ = {isa = PBXBuildFile; fileRef = 2B6DD289255D439F00FF8CA5 /* BUDAdmob_RewardVideoCusEventVC.m */; };
		2B6DD299255D439F00FF8CA5 /* UnifiedNativeAdView.xib in Resources */ = {isa = PBXBuildFile; fileRef = 2B6DD28A255D439F00FF8CA5 /* UnifiedNativeAdView.xib */; };
		2B6DD29A255D439F00FF8CA5 /* BUDAdmob_BannerCusEventVC.m in Sources */ = {isa = PBXBuildFile; fileRef = 2B6DD28C255D439F00FF8CA5 /* BUDAdmob_BannerCusEventVC.m */; };
		2B6DD29B255D439F00FF8CA5 /* BUDAdmobCustomEventViewController.m in Sources */ = {isa = PBXBuildFile; fileRef = 2B6DD28F255D439F00FF8CA5 /* BUDAdmobCustomEventViewController.m */; };
		2BA662CE24C8244A00DDB519 /* libbz2.tbd in Frameworks */ = {isa = PBXBuildFile; fileRef = 2BA662CD24C8244A00DDB519 /* libbz2.tbd */; };
		2BD5895A274612BD00CEC212 /* BUDAdmobTool.m in Sources */ = {isa = PBXBuildFile; fileRef = 2BD58959274612BD00CEC212 /* BUDAdmobTool.m */; };
		2BED9721257DDC3300EF5C1F /* libz.tbd in Frameworks */ = {isa = PBXBuildFile; fileRef = 2BED9720257DDC3300EF5C1F /* libz.tbd */; };
		2BED9725257DDC3700EF5C1F /* libiconv.tbd in Frameworks */ = {isa = PBXBuildFile; fileRef = 2BED9724257DDC3700EF5C1F /* libiconv.tbd */; };
		2BED9728257DDC3B00EF5C1F /* Security.framework in Frameworks */ = {isa = PBXBuildFile; fileRef = 2BED9727257DDC3A00EF5C1F /* Security.framework */; };
		680E4728271EF60F001E50E7 /* AppTrackingTransparency.framework in Frameworks */ = {isa = PBXBuildFile; fileRef = 680E4727271EF60F001E50E7 /* AppTrackingTransparency.framework */; settings = {ATTRIBUTES = (Weak, ); }; };
		780D5E3D2223CB8D0051EF1B /* Photos.framework in Frameworks */ = {isa = PBXBuildFile; fileRef = 780D5E3C2223CB8D0051EF1B /* Photos.framework */; };
		78E073A521A2CFDB006D71EE /* libc++.tbd in Frameworks */ = {isa = PBXBuildFile; fileRef = 78E073A421A2CFDB006D71EE /* libc++.tbd */; };
		78E073A721A2CFE2006D71EE /* libresolv.9.tbd in Frameworks */ = {isa = PBXBuildFile; fileRef = 78E073A621A2CFE1006D71EE /* libresolv.9.tbd */; };
		78E073A921A2CFE9006D71EE /* CoreMotion.framework in Frameworks */ = {isa = PBXBuildFile; fileRef = 78E073A821A2CFE9006D71EE /* CoreMotion.framework */; };
		78E073AB21A2CFF1006D71EE /* AdSupport.framework in Frameworks */ = {isa = PBXBuildFile; fileRef = 78E073AA21A2CFF1006D71EE /* AdSupport.framework */; };
		DE0223AF234F0C89002C9D26 /* Accelerate.framework in Frameworks */ = {isa = PBXBuildFile; fileRef = DE0223AE234F0C89002C9D26 /* Accelerate.framework */; };
/* End PBXBuildFile section */

/* Begin PBXFileReference section */
		2B08E58B24E6B74F00B58F2F /* libxml2.tbd */ = {isa = PBXFileReference; lastKnownFileType = "sourcecode.text-based-dylib-definition"; name = libxml2.tbd; path = usr/lib/libxml2.tbd; sourceTree = SDKROOT; };
		2B0D2DEF28584BB400676DE9 /* BUDExpressRewardedVideoAgainDelegateObj.h */ = {isa = PBXFileReference; fileEncoding = 4; lastKnownFileType = sourcecode.c.h; path = BUDExpressRewardedVideoAgainDelegateObj.h; sourceTree = "<group>"; };
		2B0D2DF028584BB400676DE9 /* BUDMainViewModel.m */ = {isa = PBXFileReference; fileEncoding = 4; lastKnownFileType = sourcecode.c.objc; path = BUDMainViewModel.m; sourceTree = "<group>"; };
		2B0D2DF128584BB400676DE9 /* BUDRewardedVideoAgainDelegateObj.m */ = {isa = PBXFileReference; fileEncoding = 4; lastKnownFileType = sourcecode.c.objc; path = BUDRewardedVideoAgainDelegateObj.m; sourceTree = "<group>"; };
		2B0D2DF228584BB400676DE9 /* BUDSlotViewModel.m */ = {isa = PBXFileReference; fileEncoding = 4; lastKnownFileType = sourcecode.c.objc; path = BUDSlotViewModel.m; sourceTree = "<group>"; };
		2B0D2DF328584BB400676DE9 /* BUDExpressRewardedVideoAgainDelegateObj.m */ = {isa = PBXFileReference; fileEncoding = 4; lastKnownFileType = sourcecode.c.objc; path = BUDExpressRewardedVideoAgainDelegateObj.m; sourceTree = "<group>"; };
		2B0D2DF428584BB400676DE9 /* BUDMainViewModel.h */ = {isa = PBXFileReference; fileEncoding = 4; lastKnownFileType = sourcecode.c.h; path = BUDMainViewModel.h; sourceTree = "<group>"; };
		2B0D2DF528584BB400676DE9 /* BUDSlotViewModel.h */ = {isa = PBXFileReference; fileEncoding = 4; lastKnownFileType = sourcecode.c.h; path = BUDSlotViewModel.h; sourceTree = "<group>"; };
		2B0D2DF628584BB400676DE9 /* BUDRewardedVideoAgainDelegateObj.h */ = {isa = PBXFileReference; fileEncoding = 4; lastKnownFileType = sourcecode.c.h; path = BUDRewardedVideoAgainDelegateObj.h; sourceTree = "<group>"; };
		2B0D2DF728584BB400676DE9 /* BUDAdManager.h */ = {isa = PBXFileReference; fileEncoding = 4; lastKnownFileType = sourcecode.c.h; path = BUDAdManager.h; sourceTree = "<group>"; };
		2B0D2DF928584BB400676DE9 /* BUDSettingViewController.h */ = {isa = PBXFileReference; fileEncoding = 4; lastKnownFileType = sourcecode.c.h; path = BUDSettingViewController.h; sourceTree = "<group>"; };
		2B0D2DFA28584BB400676DE9 /* BUDCustomDislikeViewController.h */ = {isa = PBXFileReference; fileEncoding = 4; lastKnownFileType = sourcecode.c.h; path = BUDCustomDislikeViewController.h; sourceTree = "<group>"; };
		2B0D2DFB28584BB400676DE9 /* BUDPersonalPromptsWebViewController.h */ = {isa = PBXFileReference; fileEncoding = 4; lastKnownFileType = sourcecode.c.h; path = BUDPersonalPromptsWebViewController.h; sourceTree = "<group>"; };
		2B0D2DFD28584BB400676DE9 /* BUDNativeViewController.h */ = {isa = PBXFileReference; fileEncoding = 4; lastKnownFileType = sourcecode.c.h; path = BUDNativeViewController.h; sourceTree = "<group>"; };
		2B0D2DFE28584BB400676DE9 /* BUDNativeViewController.m */ = {isa = PBXFileReference; fileEncoding = 4; lastKnownFileType = sourcecode.c.objc; path = BUDNativeViewController.m; sourceTree = "<group>"; };
		2B0D2DFF28584BB400676DE9 /* BUDTestToolsViewController.h */ = {isa = PBXFileReference; fileEncoding = 4; lastKnownFileType = sourcecode.c.h; path = BUDTestToolsViewController.h; sourceTree = "<group>"; };
		2B0D2E0128584BB400676DE9 /* BUDBaseExampleViewController.m */ = {isa = PBXFileReference; fileEncoding = 4; lastKnownFileType = sourcecode.c.objc; path = BUDBaseExampleViewController.m; sourceTree = "<group>"; };
		2B0D2E0228584BB400676DE9 /* BUDSettingViewController.m */ = {isa = PBXFileReference; fileEncoding = 4; lastKnownFileType = sourcecode.c.objc; path = BUDSettingViewController.m; sourceTree = "<group>"; };
		2B0D2E0328584BB400676DE9 /* BUDPersonalPromptsWebViewController.m */ = {isa = PBXFileReference; fileEncoding = 4; lastKnownFileType = sourcecode.c.objc; path = BUDPersonalPromptsWebViewController.m; sourceTree = "<group>"; };
		2B0D2E0428584BB400676DE9 /* BUDCustomDislikeViewController.m */ = {isa = PBXFileReference; fileEncoding = 4; lastKnownFileType = sourcecode.c.objc; path = BUDCustomDislikeViewController.m; sourceTree = "<group>"; };
		2B0D2E0628584BB400676DE9 /* BUDRewardedViewController.m */ = {isa = PBXFileReference; fileEncoding = 4; lastKnownFileType = sourcecode.c.objc; path = BUDRewardedViewController.m; sourceTree = "<group>"; };
		2B0D2E0728584BB400676DE9 /* BUDRewardedViewController.h */ = {isa = PBXFileReference; fileEncoding = 4; lastKnownFileType = sourcecode.c.h; path = BUDRewardedViewController.h; sourceTree = "<group>"; };
		2B0D2E0828584BB400676DE9 /* BUDBaseExampleViewController.h */ = {isa = PBXFileReference; fileEncoding = 4; lastKnownFileType = sourcecode.c.h; path = BUDBaseExampleViewController.h; sourceTree = "<group>"; };
		2B0D2E0A28584BB400676DE9 /* BULOpenAppViewController.m */ = {isa = PBXFileReference; fileEncoding = 4; lastKnownFileType = sourcecode.c.objc; path = BULOpenAppViewController.m; sourceTree = "<group>"; };
		2B0D2E0B28584BB400676DE9 /* BULOpenAppViewController.h */ = {isa = PBXFileReference; fileEncoding = 4; lastKnownFileType = sourcecode.c.h; path = BULOpenAppViewController.h; sourceTree = "<group>"; };
		2B0D2E0D28584BB400676DE9 /* BUDBannerViewController.m */ = {isa = PBXFileReference; fileEncoding = 4; lastKnownFileType = sourcecode.c.objc; path = BUDBannerViewController.m; sourceTree = "<group>"; };
		2B0D2E0E28584BB400676DE9 /* BUDBannerViewController.h */ = {isa = PBXFileReference; fileEncoding = 4; lastKnownFileType = sourcecode.c.h; path = BUDBannerViewController.h; sourceTree = "<group>"; };
		2B0D2E0F28584BB400676DE9 /* BUDTestToolsViewController.m */ = {isa = PBXFileReference; fileEncoding = 4; lastKnownFileType = sourcecode.c.objc; path = BUDTestToolsViewController.m; sourceTree = "<group>"; };
		2B0D2E1028584BB400676DE9 /* BUDAdManager.m */ = {isa = PBXFileReference; fileEncoding = 4; lastKnownFileType = sourcecode.c.objc; path = BUDAdManager.m; sourceTree = "<group>"; };
		2B0D2E1228584BB400676DE9 /* BUDFeedNormalModel.h */ = {isa = PBXFileReference; fileEncoding = 4; lastKnownFileType = sourcecode.c.h; path = BUDFeedNormalModel.h; sourceTree = "<group>"; };
		2B0D2E1328584BB400676DE9 /* BUDConfigModel.m */ = {isa = PBXFileReference; fileEncoding = 4; lastKnownFileType = sourcecode.c.objc; path = BUDConfigModel.m; sourceTree = "<group>"; };
		2B0D2E1428584BB400676DE9 /* BUDSelcetedItem.h */ = {isa = PBXFileReference; fileEncoding = 4; lastKnownFileType = sourcecode.c.h; path = BUDSelcetedItem.h; sourceTree = "<group>"; };
		2B0D2E1528584BB400676DE9 /* BUDFeedNormalModel.m */ = {isa = PBXFileReference; fileEncoding = 4; lastKnownFileType = sourcecode.c.objc; path = BUDFeedNormalModel.m; sourceTree = "<group>"; };
		2B0D2E1628584BB400676DE9 /* BUDConfigModel.h */ = {isa = PBXFileReference; fileEncoding = 4; lastKnownFileType = sourcecode.c.h; path = BUDConfigModel.h; sourceTree = "<group>"; };
		2B0D2E1728584BB400676DE9 /* BUDSelcetedItem.m */ = {isa = PBXFileReference; fileEncoding = 4; lastKnownFileType = sourcecode.c.objc; path = BUDSelcetedItem.m; sourceTree = "<group>"; };
		2B0D2E1928584BB400676DE9 /* BUDFeedNativeTableViewCell.h */ = {isa = PBXFileReference; fileEncoding = 4; lastKnownFileType = sourcecode.c.h; path = BUDFeedNativeTableViewCell.h; sourceTree = "<group>"; };
		2B0D2E1A28584BB400676DE9 /* BUDPasterContentView.h */ = {isa = PBXFileReference; fileEncoding = 4; lastKnownFileType = sourcecode.c.h; path = BUDPasterContentView.h; sourceTree = "<group>"; };
		2B0D2E1B28584BB400676DE9 /* BUDSelectedView.h */ = {isa = PBXFileReference; fileEncoding = 4; lastKnownFileType = sourcecode.c.h; path = BUDSelectedView.h; sourceTree = "<group>"; };
		2B0D2E1C28584BB400676DE9 /* BUDNativeBannerTableViewCell.h */ = {isa = PBXFileReference; fileEncoding = 4; lastKnownFileType = sourcecode.c.h; path = BUDNativeBannerTableViewCell.h; sourceTree = "<group>"; };
		2B0D2E1D28584BB400676DE9 /* BUDFeedNormalTableViewCell.m */ = {isa = PBXFileReference; fileEncoding = 4; lastKnownFileType = sourcecode.c.objc; path = BUDFeedNormalTableViewCell.m; sourceTree = "<group>"; };
		2B0D2E1E28584BB400676DE9 /* BUDSwitchView.h */ = {isa = PBXFileReference; fileEncoding = 4; lastKnownFileType = sourcecode.c.h; path = BUDSwitchView.h; sourceTree = "<group>"; };
		2B0D2E1F28584BB400676DE9 /* BUDCustomPlayerAdView.m */ = {isa = PBXFileReference; fileEncoding = 4; lastKnownFileType = sourcecode.c.objc; path = BUDCustomPlayerAdView.m; sourceTree = "<group>"; };
		2B0D2E2028584BB400676DE9 /* BUDRefreshButton.m */ = {isa = PBXFileReference; fileEncoding = 4; lastKnownFileType = sourcecode.c.objc; path = BUDRefreshButton.m; sourceTree = "<group>"; };
		2B0D2E2128584BB400676DE9 /* BUDNormalButton.m */ = {isa = PBXFileReference; fileEncoding = 4; lastKnownFileType = sourcecode.c.objc; path = BUDNormalButton.m; sourceTree = "<group>"; };
		2B0D2E2228584BB400676DE9 /* BUDActionAreaView.h */ = {isa = PBXFileReference; fileEncoding = 4; lastKnownFileType = sourcecode.c.h; path = BUDActionAreaView.h; sourceTree = "<group>"; };
		2B0D2E2328584BB400676DE9 /* BUDSelectedCollectionViewCell.m */ = {isa = PBXFileReference; fileEncoding = 4; lastKnownFileType = sourcecode.c.objc; path = BUDSelectedCollectionViewCell.m; sourceTree = "<group>"; };
		2B0D2E2428584BB400676DE9 /* BUDdemoDislikeCollectionCell.h */ = {isa = PBXFileReference; fileEncoding = 4; lastKnownFileType = sourcecode.c.h; path = BUDdemoDislikeCollectionCell.h; sourceTree = "<group>"; };
		2B0D2E2528584BB400676DE9 /* BUDCollectionViewCell.m */ = {isa = PBXFileReference; fileEncoding = 4; lastKnownFileType = sourcecode.c.objc; path = BUDCollectionViewCell.m; sourceTree = "<group>"; };
		2B0D2E2628584BB400676DE9 /* BUDVideoView.h */ = {isa = PBXFileReference; fileEncoding = 4; lastKnownFileType = sourcecode.c.h; path = BUDVideoView.h; sourceTree = "<group>"; };
		2B0D2E2728584BB400676DE9 /* BUDNativeView.m */ = {isa = PBXFileReference; fileEncoding = 4; lastKnownFileType = sourcecode.c.objc; path = BUDNativeView.m; sourceTree = "<group>"; };
		2B0D2E2828584BB400676DE9 /* BUDSettingTableView.m */ = {isa = PBXFileReference; fileEncoding = 4; lastKnownFileType = sourcecode.c.objc; path = BUDSettingTableView.m; sourceTree = "<group>"; };
		2B0D2E2928584BB400676DE9 /* BUDFeedStyleHelper.m */ = {isa = PBXFileReference; fileEncoding = 4; lastKnownFileType = sourcecode.c.objc; path = BUDFeedStyleHelper.m; sourceTree = "<group>"; };
		2B0D2E2A28584BB400676DE9 /* BUDDrawTableViewCell.m */ = {isa = PBXFileReference; fileEncoding = 4; lastKnownFileType = sourcecode.c.objc; path = BUDDrawTableViewCell.m; sourceTree = "<group>"; };
		2B0D2E2B28584BB400676DE9 /* BUDFeedAdTableViewCell.h */ = {isa = PBXFileReference; fileEncoding = 4; lastKnownFileType = sourcecode.c.h; path = BUDFeedAdTableViewCell.h; sourceTree = "<group>"; };
		2B0D2E2C28584BB400676DE9 /* BUDCustomPlayerAdView.h */ = {isa = PBXFileReference; fileEncoding = 4; lastKnownFileType = sourcecode.c.h; path = BUDCustomPlayerAdView.h; sourceTree = "<group>"; };
		2B0D2E2D28584BB400676DE9 /* BUDRefreshButton.h */ = {isa = PBXFileReference; fileEncoding = 4; lastKnownFileType = sourcecode.c.h; path = BUDRefreshButton.h; sourceTree = "<group>"; };
		2B0D2E2E28584BB400676DE9 /* BUDSwitchView.m */ = {isa = PBXFileReference; fileEncoding = 4; lastKnownFileType = sourcecode.c.objc; path = BUDSwitchView.m; sourceTree = "<group>"; };
		2B0D2E2F28584BB400676DE9 /* BUDFeedNormalTableViewCell.h */ = {isa = PBXFileReference; fileEncoding = 4; lastKnownFileType = sourcecode.c.h; path = BUDFeedNormalTableViewCell.h; sourceTree = "<group>"; };
		2B0D2E3028584BB400676DE9 /* BUDSelectedView.m */ = {isa = PBXFileReference; fileEncoding = 4; lastKnownFileType = sourcecode.c.objc; path = BUDSelectedView.m; sourceTree = "<group>"; };
		2B0D2E3128584BB400676DE9 /* BUDNativeBannerTableViewCell.m */ = {isa = PBXFileReference; fileEncoding = 4; lastKnownFileType = sourcecode.c.objc; path = BUDNativeBannerTableViewCell.m; sourceTree = "<group>"; };
		2B0D2E3228584BB400676DE9 /* BUDPasterContentView.m */ = {isa = PBXFileReference; fileEncoding = 4; lastKnownFileType = sourcecode.c.objc; path = BUDPasterContentView.m; sourceTree = "<group>"; };
		2B0D2E3328584BB400676DE9 /* BUDFeedNativeTableViewCell.m */ = {isa = PBXFileReference; fileEncoding = 4; lastKnownFileType = sourcecode.c.objc; path = BUDFeedNativeTableViewCell.m; sourceTree = "<group>"; };
		2B0D2E3428584BB400676DE9 /* BUDSettingTableView.h */ = {isa = PBXFileReference; fileEncoding = 4; lastKnownFileType = sourcecode.c.h; path = BUDSettingTableView.h; sourceTree = "<group>"; };
		2B0D2E3528584BB400676DE9 /* BUDNativeView.h */ = {isa = PBXFileReference; fileEncoding = 4; lastKnownFileType = sourcecode.c.h; path = BUDNativeView.h; sourceTree = "<group>"; };
		2B0D2E3628584BB400676DE9 /* BUDVideoView.m */ = {isa = PBXFileReference; fileEncoding = 4; lastKnownFileType = sourcecode.c.objc; path = BUDVideoView.m; sourceTree = "<group>"; };
		2B0D2E3728584BB400676DE9 /* BUDdemoDislikeCollectionCell.m */ = {isa = PBXFileReference; fileEncoding = 4; lastKnownFileType = sourcecode.c.objc; path = BUDdemoDislikeCollectionCell.m; sourceTree = "<group>"; };
		2B0D2E3828584BB500676DE9 /* BUDCollectionViewCell.h */ = {isa = PBXFileReference; fileEncoding = 4; lastKnownFileType = sourcecode.c.h; path = BUDCollectionViewCell.h; sourceTree = "<group>"; };
		2B0D2E3928584BB500676DE9 /* BUDSelectedCollectionViewCell.h */ = {isa = PBXFileReference; fileEncoding = 4; lastKnownFileType = sourcecode.c.h; path = BUDSelectedCollectionViewCell.h; sourceTree = "<group>"; };
		2B0D2E3A28584BB500676DE9 /* BUDActionAreaView.m */ = {isa = PBXFileReference; fileEncoding = 4; lastKnownFileType = sourcecode.c.objc; path = BUDActionAreaView.m; sourceTree = "<group>"; };
		2B0D2E3B28584BB500676DE9 /* BUDNormalButton.h */ = {isa = PBXFileReference; fileEncoding = 4; lastKnownFileType = sourcecode.c.h; path = BUDNormalButton.h; sourceTree = "<group>"; };
		2B0D2E3C28584BB500676DE9 /* BUDFeedAdTableViewCell.m */ = {isa = PBXFileReference; fileEncoding = 4; lastKnownFileType = sourcecode.c.objc; path = BUDFeedAdTableViewCell.m; sourceTree = "<group>"; };
		2B0D2E3D28584BB500676DE9 /* BUDDrawTableViewCell.h */ = {isa = PBXFileReference; fileEncoding = 4; lastKnownFileType = sourcecode.c.h; path = BUDDrawTableViewCell.h; sourceTree = "<group>"; };
		2B0D2E3E28584BB500676DE9 /* BUDFeedStyleHelper.h */ = {isa = PBXFileReference; fileEncoding = 4; lastKnownFileType = sourcecode.c.h; path = BUDFeedStyleHelper.h; sourceTree = "<group>"; };
		2B0D2E4028584BB500676DE9 /* BUDNativeBannerView.m */ = {isa = PBXFileReference; fileEncoding = 4; lastKnownFileType = sourcecode.c.objc; path = BUDNativeBannerView.m; sourceTree = "<group>"; };
		2B0D2E4128584BB500676DE9 /* BUDWebViewController.m */ = {isa = PBXFileReference; fileEncoding = 4; lastKnownFileType = sourcecode.c.objc; path = BUDWebViewController.m; sourceTree = "<group>"; };
		2B0D2E4228584BB500676DE9 /* BUDFeedAdView.m */ = {isa = PBXFileReference; fileEncoding = 4; lastKnownFileType = sourcecode.c.objc; path = BUDFeedAdView.m; sourceTree = "<group>"; };
		2B0D2E4328584BB500676DE9 /* BUDWebViewController.h */ = {isa = PBXFileReference; fileEncoding = 4; lastKnownFileType = sourcecode.c.h; path = BUDWebViewController.h; sourceTree = "<group>"; };
		2B0D2E4428584BB500676DE9 /* BUDNativeBannerView.h */ = {isa = PBXFileReference; fileEncoding = 4; lastKnownFileType = sourcecode.c.h; path = BUDNativeBannerView.h; sourceTree = "<group>"; };
		2B0D2E4528584BB500676DE9 /* BUDFeedAdView.h */ = {isa = PBXFileReference; fileEncoding = 4; lastKnownFileType = sourcecode.c.h; path = BUDFeedAdView.h; sourceTree = "<group>"; };
		2B0D2E6E28584BCC00676DE9 /* BUDMacros.h */ = {isa = PBXFileReference; fileEncoding = 4; lastKnownFileType = sourcecode.c.h; path = BUDMacros.h; sourceTree = "<group>"; };
		2B0D2E6F28584BCC00676DE9 /* BUDSlotID.h */ = {isa = PBXFileReference; fileEncoding = 4; lastKnownFileType = sourcecode.c.h; path = BUDSlotID.h; sourceTree = "<group>"; };
		2B0D2E7128584BCC00676DE9 /* BUDExampleDefine.m */ = {isa = PBXFileReference; fileEncoding = 4; lastKnownFileType = sourcecode.c.objc; path = BUDExampleDefine.m; sourceTree = "<group>"; };
		2B0D2E7228584BCC00676DE9 /* BUDActionCellDefine.m */ = {isa = PBXFileReference; fileEncoding = 4; lastKnownFileType = sourcecode.c.objc; path = BUDActionCellDefine.m; sourceTree = "<group>"; };
		2B0D2E7328584BCC00676DE9 /* BUDActionCellView.m */ = {isa = PBXFileReference; fileEncoding = 4; lastKnownFileType = sourcecode.c.objc; path = BUDActionCellView.m; sourceTree = "<group>"; };
		2B0D2E7428584BCC00676DE9 /* BUDMainViewController.h */ = {isa = PBXFileReference; fileEncoding = 4; lastKnownFileType = sourcecode.c.h; path = BUDMainViewController.h; sourceTree = "<group>"; };
		2B0D2E7528584BCC00676DE9 /* BUDExampleDefine.h */ = {isa = PBXFileReference; fileEncoding = 4; lastKnownFileType = sourcecode.c.h; path = BUDExampleDefine.h; sourceTree = "<group>"; };
		2B0D2E7628584BCC00676DE9 /* BUDActionCellDefine.h */ = {isa = PBXFileReference; fileEncoding = 4; lastKnownFileType = sourcecode.c.h; path = BUDActionCellDefine.h; sourceTree = "<group>"; };
		2B0D2E7728584BCC00676DE9 /* BUDActionCellView.h */ = {isa = PBXFileReference; fileEncoding = 4; lastKnownFileType = sourcecode.c.h; path = BUDActionCellView.h; sourceTree = "<group>"; };
		2B0D2E7828584BCC00676DE9 /* BUDMainViewController.m */ = {isa = PBXFileReference; fileEncoding = 4; lastKnownFileType = sourcecode.c.objc; path = BUDMainViewController.m; sourceTree = "<group>"; };
		2B0D2E7A28584BCC00676DE9 /* BUDBase64.m */ = {isa = PBXFileReference; fileEncoding = 4; lastKnownFileType = sourcecode.c.objc; path = BUDBase64.m; sourceTree = "<group>"; };
		2B0D2E7C28584BCC00676DE9 /* NSString+LocalizedString.h */ = {isa = PBXFileReference; fileEncoding = 4; lastKnownFileType = sourcecode.c.h; path = "NSString+LocalizedString.h"; sourceTree = "<group>"; };
		2B0D2E7D28584BCC00676DE9 /* UIColor+DarkMode.m */ = {isa = PBXFileReference; fileEncoding = 4; lastKnownFileType = sourcecode.c.objc; path = "UIColor+DarkMode.m"; sourceTree = "<group>"; };
		2B0D2E7E28584BCC00676DE9 /* UIView+Draw.m */ = {isa = PBXFileReference; fileEncoding = 4; lastKnownFileType = sourcecode.c.objc; path = "UIView+Draw.m"; sourceTree = "<group>"; };
		2B0D2E7F28584BCC00676DE9 /* NSString+Json.m */ = {isa = PBXFileReference; fileEncoding = 4; lastKnownFileType = sourcecode.c.objc; path = "NSString+Json.m"; sourceTree = "<group>"; };
		2B0D2E8028584BCC00676DE9 /* NSString+LocalizedString.m */ = {isa = PBXFileReference; fileEncoding = 4; lastKnownFileType = sourcecode.c.objc; path = "NSString+LocalizedString.m"; sourceTree = "<group>"; };
		2B0D2E8128584BCC00676DE9 /* UIColor+DarkMode.h */ = {isa = PBXFileReference; fileEncoding = 4; lastKnownFileType = sourcecode.c.h; path = "UIColor+DarkMode.h"; sourceTree = "<group>"; };
		2B0D2E8228584BCC00676DE9 /* NSString+Json.h */ = {isa = PBXFileReference; fileEncoding = 4; lastKnownFileType = sourcecode.c.h; path = "NSString+Json.h"; sourceTree = "<group>"; };
		2B0D2E8328584BCC00676DE9 /* UIView+Draw.h */ = {isa = PBXFileReference; fileEncoding = 4; lastKnownFileType = sourcecode.c.h; path = "UIView+Draw.h"; sourceTree = "<group>"; };
		2B0D2E8428584BCC00676DE9 /* BUDPrivacyProvider.h */ = {isa = PBXFileReference; fileEncoding = 4; lastKnownFileType = sourcecode.c.h; path = BUDPrivacyProvider.h; sourceTree = "<group>"; };
		2B0D2E8628584BCC00676DE9 /* BUDAnimationTool.m */ = {isa = PBXFileReference; fileEncoding = 4; lastKnownFileType = sourcecode.c.objc; path = BUDAnimationTool.m; sourceTree = "<group>"; };
		2B0D2E8728584BCC00676DE9 /* BUDAnimationTool.h */ = {isa = PBXFileReference; fileEncoding = 4; lastKnownFileType = sourcecode.c.h; path = BUDAnimationTool.h; sourceTree = "<group>"; };
		2B0D2E8928584BCC00676DE9 /* RRFPSBar.h */ = {isa = PBXFileReference; fileEncoding = 4; lastKnownFileType = sourcecode.c.h; path = RRFPSBar.h; sourceTree = "<group>"; };
		2B0D2E8A28584BCC00676DE9 /* RRFPSBar.m */ = {isa = PBXFileReference; fileEncoding = 4; lastKnownFileType = sourcecode.c.objc; path = RRFPSBar.m; sourceTree = "<group>"; };
		2B0D2E8C28584BCC00676DE9 /* BUDSanWebViewController.h */ = {isa = PBXFileReference; fileEncoding = 4; lastKnownFileType = sourcecode.c.h; path = BUDSanWebViewController.h; sourceTree = "<group>"; };
		2B0D2E8D28584BCC00676DE9 /* BUDSanWebViewController.m */ = {isa = PBXFileReference; fileEncoding = 4; lastKnownFileType = sourcecode.c.objc; path = BUDSanWebViewController.m; sourceTree = "<group>"; };
		2B0D2E8E28584BCC00676DE9 /* BUDBase64.h */ = {isa = PBXFileReference; fileEncoding = 4; lastKnownFileType = sourcecode.c.h; path = BUDBase64.h; sourceTree = "<group>"; };
		2B0D2E8F28584BCC00676DE9 /* BUDPrivacyProvider.m */ = {isa = PBXFileReference; fileEncoding = 4; lastKnownFileType = sourcecode.c.objc; path = BUDPrivacyProvider.m; sourceTree = "<group>"; };
		2B0D2E9D28584C2800676DE9 /* BUDInterstitialViewController.h */ = {isa = PBXFileReference; fileEncoding = 4; lastKnownFileType = sourcecode.c.h; path = BUDInterstitialViewController.h; sourceTree = "<group>"; };
		2B0D2E9E28584C2800676DE9 /* BUDInterstitialViewController.m */ = {isa = PBXFileReference; fileEncoding = 4; lastKnownFileType = sourcecode.c.objc; path = BUDInterstitialViewController.m; sourceTree = "<group>"; };
		2B1171AF28157A1600180E61 /* CoreML.framework */ = {isa = PBXFileReference; lastKnownFileType = wrapper.framework; name = CoreML.framework; path = System/Library/Frameworks/CoreML.framework; sourceTree = SDKROOT; };
		2B1D7D5B255D236B00787A7F /* libc++abi.tbd */ = {isa = PBXFileReference; lastKnownFileType = "sourcecode.text-based-dylib-definition"; name = "libc++abi.tbd"; path = "usr/lib/libc++abi.tbd"; sourceTree = SDKROOT; };
		2B4478F4282B7D6D0074BAD2 /* zh-Hans */ = {isa = PBXFileReference; lastKnownFileType = text.plist.strings; name = "zh-Hans"; path = "zh-Hans.lproj/BUDemoLanguage.strings"; sourceTree = "<group>"; };
		2B4478F5282B7D6D0074BAD2 /* ja */ = {isa = PBXFileReference; lastKnownFileType = text.plist.strings; name = ja; path = ja.lproj/BUDemoLanguage.strings; sourceTree = "<group>"; };
		2B4478F6282B7D6D0074BAD2 /* en */ = {isa = PBXFileReference; lastKnownFileType = text.plist.strings; name = en; path = en.lproj/BUDemoLanguage.strings; sourceTree = "<group>"; };
		2B4478F7282B7D6D0074BAD2 /* DevInfo.plist */ = {isa = PBXFileReference; fileEncoding = 4; lastKnownFileType = text.plist.xml; path = DevInfo.plist; sourceTree = "<group>"; };
		2B4478F8282B7D6D0074BAD2 /* AppDelegate.h */ = {isa = PBXFileReference; fileEncoding = 4; lastKnownFileType = sourcecode.c.h; path = AppDelegate.h; sourceTree = "<group>"; };
		2B44796C282B7D6E0074BAD2 /* ko */ = {isa = PBXFileReference; lastKnownFileType = text.plist.strings; name = ko; path = ko.lproj/BUDemoLanguage.strings; sourceTree = "<group>"; };
		2B44796F282B7D6E0074BAD2 /* zh-Hans */ = {isa = PBXFileReference; lastKnownFileType = text.plist.strings; name = "zh-Hans"; path = "zh-Hans.lproj/LaunchScreen.strings"; sourceTree = "<group>"; };
		2B447971282B7D6E0074BAD2 /* zh-Hans */ = {isa = PBXFileReference; lastKnownFileType = text.plist.strings; name = "zh-Hans"; path = "zh-Hans.lproj/Main.strings"; sourceTree = "<group>"; };
		2B447972282B7D6E0074BAD2 /* ja */ = {isa = PBXFileReference; lastKnownFileType = text.plist.strings; name = ja; path = ja.lproj/LaunchScreen.strings; sourceTree = "<group>"; };
		2B447973282B7D6E0074BAD2 /* ja */ = {isa = PBXFileReference; lastKnownFileType = text.plist.strings; name = ja; path = ja.lproj/Main.strings; sourceTree = "<group>"; };
		2B447974282B7D6E0074BAD2 /* ko */ = {isa = PBXFileReference; lastKnownFileType = text.plist.strings; name = ko; path = ko.lproj/LaunchScreen.strings; sourceTree = "<group>"; };
		2B447975282B7D6E0074BAD2 /* ko */ = {isa = PBXFileReference; lastKnownFileType = text.plist.strings; name = ko; path = ko.lproj/Main.strings; sourceTree = "<group>"; };
		2B447977282B7D6E0074BAD2 /* Base */ = {isa = PBXFileReference; lastKnownFileType = file.storyboard; name = Base; path = Base.lproj/LaunchScreen.storyboard; sourceTree = "<group>"; };
		2B447979282B7D6E0074BAD2 /* Base */ = {isa = PBXFileReference; lastKnownFileType = file.storyboard; name = Base; path = Base.lproj/Main.storyboard; sourceTree = "<group>"; };
		2B44797A282B7D6E0074BAD2 /* main.m */ = {isa = PBXFileReference; fileEncoding = 4; lastKnownFileType = sourcecode.c.objc; path = main.m; sourceTree = "<group>"; };
		2B44797B282B7D6E0074BAD2 /* AppDelegate.m */ = {isa = PBXFileReference; fileEncoding = 4; lastKnownFileType = sourcecode.c.objc; path = AppDelegate.m; sourceTree = "<group>"; };
		2B44797D282B7D6E0074BAD2 /* Assets.xcassets */ = {isa = PBXFileReference; lastKnownFileType = folder.assetcatalog; path = Assets.xcassets; sourceTree = "<group>"; };
		2B44797E282B7D6E0074BAD2 /* music.mp3 */ = {isa = PBXFileReference; lastKnownFileType = audio.mp3; path = music.mp3; sourceTree = "<group>"; };
		2B44797F282B7D6E0074BAD2 /* 1111.html */ = {isa = PBXFileReference; fileEncoding = 4; lastKnownFileType = text.html; path = 1111.html; sourceTree = "<group>"; };
		2B447980282B7D6E0074BAD2 /* index1.css */ = {isa = PBXFileReference; fileEncoding = 4; lastKnownFileType = text.css; path = index1.css; sourceTree = "<group>"; };
		2B447981282B7D6E0074BAD2 /* index1.js */ = {isa = PBXFileReference; fileEncoding = 4; lastKnownFileType = sourcecode.javascript; path = index1.js; sourceTree = "<group>"; };
		2B447983282B7D6E0074BAD2 /* feedInfo.cactus */ = {isa = PBXFileReference; fileEncoding = 4; lastKnownFileType = text; path = feedInfo.cactus; sourceTree = "<group>"; };
		2B447984282B7D6E0074BAD2 /* index1.html */ = {isa = PBXFileReference; fileEncoding = 4; lastKnownFileType = text.html; path = index1.html; sourceTree = "<group>"; };
		2B447985282B7D6E0074BAD2 /* PrefixHeader.pch */ = {isa = PBXFileReference; fileEncoding = 4; lastKnownFileType = sourcecode.c.h; path = PrefixHeader.pch; sourceTree = "<group>"; };
		2B447986282B7D6E0074BAD2 /* Info.plist */ = {isa = PBXFileReference; fileEncoding = 4; lastKnownFileType = text.plist.xml; path = Info.plist; sourceTree = "<group>"; };
		2B6DD279255D439F00FF8CA5 /* BUDAdmob_FullScreenVideoCustomEventAdapter.h */ = {isa = PBXFileReference; fileEncoding = 4; lastKnownFileType = sourcecode.c.h; path = BUDAdmob_FullScreenVideoCustomEventAdapter.h; sourceTree = "<group>"; };
		2B6DD27A255D439F00FF8CA5 /* BUDAdmob_BannerCustomEventAdapter.m */ = {isa = PBXFileReference; fileEncoding = 4; lastKnownFileType = sourcecode.c.objc; path = BUDAdmob_BannerCustomEventAdapter.m; sourceTree = "<group>"; };
		2B6DD27B255D439F00FF8CA5 /* BUDAdmob_NativeFeedAd.h */ = {isa = PBXFileReference; fileEncoding = 4; lastKnownFileType = sourcecode.c.h; path = BUDAdmob_NativeFeedAd.h; sourceTree = "<group>"; };
		2B6DD27C255D439F00FF8CA5 /* BUDAdmob_RewardCustomEventAdapter.h */ = {isa = PBXFileReference; fileEncoding = 4; lastKnownFileType = sourcecode.c.h; path = BUDAdmob_RewardCustomEventAdapter.h; sourceTree = "<group>"; };
		2B6DD27D255D439F00FF8CA5 /* BUDAdmob_NativeFeedCustomEventAdapter.h */ = {isa = PBXFileReference; fileEncoding = 4; lastKnownFileType = sourcecode.c.h; path = BUDAdmob_NativeFeedCustomEventAdapter.h; sourceTree = "<group>"; };
		2B6DD27E255D439F00FF8CA5 /* BUDAdmob_BannerCustomEventAdapter.h */ = {isa = PBXFileReference; fileEncoding = 4; lastKnownFileType = sourcecode.c.h; path = BUDAdmob_BannerCustomEventAdapter.h; sourceTree = "<group>"; };
		2B6DD27F255D439F00FF8CA5 /* BUDAdmob_FullScreenVideoCustomEventAdapter.m */ = {isa = PBXFileReference; fileEncoding = 4; lastKnownFileType = sourcecode.c.objc; path = BUDAdmob_FullScreenVideoCustomEventAdapter.m; sourceTree = "<group>"; };
		2B6DD280255D439F00FF8CA5 /* BUDAdmob_RewardCustomEventAdapter.m */ = {isa = PBXFileReference; fileEncoding = 4; lastKnownFileType = sourcecode.c.objc; path = BUDAdmob_RewardCustomEventAdapter.m; sourceTree = "<group>"; };
		2B6DD281255D439F00FF8CA5 /* BUDAdmob_NativeFeedAd.m */ = {isa = PBXFileReference; fileEncoding = 4; lastKnownFileType = sourcecode.c.objc; path = BUDAdmob_NativeFeedAd.m; sourceTree = "<group>"; };
		2B6DD282255D439F00FF8CA5 /* BUDAdmob_NativeFeedCustomEventAdapter.m */ = {isa = PBXFileReference; fileEncoding = 4; lastKnownFileType = sourcecode.c.objc; path = BUDAdmob_NativeFeedCustomEventAdapter.m; sourceTree = "<group>"; };
		2B6DD285255D439F00FF8CA5 /* BUDAdmob_RewardVideoCusEventVC.h */ = {isa = PBXFileReference; fileEncoding = 4; lastKnownFileType = sourcecode.c.h; path = BUDAdmob_RewardVideoCusEventVC.h; sourceTree = "<group>"; };
		2B6DD286255D439F00FF8CA5 /* BUDAdmob_BannerCusEventVC.h */ = {isa = PBXFileReference; fileEncoding = 4; lastKnownFileType = sourcecode.c.h; path = BUDAdmob_BannerCusEventVC.h; sourceTree = "<group>"; };
		2B6DD287255D439F00FF8CA5 /* BUDAdmob_FullScreenCusEventVC.m */ = {isa = PBXFileReference; fileEncoding = 4; lastKnownFileType = sourcecode.c.objc; path = BUDAdmob_FullScreenCusEventVC.m; sourceTree = "<group>"; };
		2B6DD288255D439F00FF8CA5 /* BUDAdmob_FeedNativeCusEventVC.m */ = {isa = PBXFileReference; fileEncoding = 4; lastKnownFileType = sourcecode.c.objc; path = BUDAdmob_FeedNativeCusEventVC.m; sourceTree = "<group>"; };
		2B6DD289255D439F00FF8CA5 /* BUDAdmob_RewardVideoCusEventVC.m */ = {isa = PBXFileReference; fileEncoding = 4; lastKnownFileType = sourcecode.c.objc; path = BUDAdmob_RewardVideoCusEventVC.m; sourceTree = "<group>"; };
		2B6DD28A255D439F00FF8CA5 /* UnifiedNativeAdView.xib */ = {isa = PBXFileReference; fileEncoding = 4; lastKnownFileType = file.xib; path = UnifiedNativeAdView.xib; sourceTree = "<group>"; };
		2B6DD28B255D439F00FF8CA5 /* BUDAdmob_FullScreenCusEventVC.h */ = {isa = PBXFileReference; fileEncoding = 4; lastKnownFileType = sourcecode.c.h; path = BUDAdmob_FullScreenCusEventVC.h; sourceTree = "<group>"; };
		2B6DD28C255D439F00FF8CA5 /* BUDAdmob_BannerCusEventVC.m */ = {isa = PBXFileReference; fileEncoding = 4; lastKnownFileType = sourcecode.c.objc; path = BUDAdmob_BannerCusEventVC.m; sourceTree = "<group>"; };
		2B6DD28D255D439F00FF8CA5 /* BUDAdmob_FeedNativeCusEventVC.h */ = {isa = PBXFileReference; fileEncoding = 4; lastKnownFileType = sourcecode.c.h; path = BUDAdmob_FeedNativeCusEventVC.h; sourceTree = "<group>"; };
		2B6DD28F255D439F00FF8CA5 /* BUDAdmobCustomEventViewController.m */ = {isa = PBXFileReference; fileEncoding = 4; lastKnownFileType = sourcecode.c.objc; path = BUDAdmobCustomEventViewController.m; sourceTree = "<group>"; };
		2B6DD290255D439F00FF8CA5 /* BUDAdmobCustomEventViewController.h */ = {isa = PBXFileReference; fileEncoding = 4; lastKnownFileType = sourcecode.c.h; path = BUDAdmobCustomEventViewController.h; sourceTree = "<group>"; };
		2BA662CD24C8244A00DDB519 /* libbz2.tbd */ = {isa = PBXFileReference; lastKnownFileType = "sourcecode.text-based-dylib-definition"; name = libbz2.tbd; path = usr/lib/libbz2.tbd; sourceTree = SDKROOT; };
		2BD58958274612BD00CEC212 /* BUDAdmobTool.h */ = {isa = PBXFileReference; fileEncoding = 4; lastKnownFileType = sourcecode.c.h; path = BUDAdmobTool.h; sourceTree = "<group>"; };
		2BD58959274612BD00CEC212 /* BUDAdmobTool.m */ = {isa = PBXFileReference; fileEncoding = 4; lastKnownFileType = sourcecode.c.objc; path = BUDAdmobTool.m; sourceTree = "<group>"; };
		2BED9720257DDC3300EF5C1F /* libz.tbd */ = {isa = PBXFileReference; lastKnownFileType = "sourcecode.text-based-dylib-definition"; name = libz.tbd; path = usr/lib/libz.tbd; sourceTree = SDKROOT; };
		2BED9724257DDC3700EF5C1F /* libiconv.tbd */ = {isa = PBXFileReference; lastKnownFileType = "sourcecode.text-based-dylib-definition"; name = libiconv.tbd; path = usr/lib/libiconv.tbd; sourceTree = SDKROOT; };
		2BED9727257DDC3A00EF5C1F /* Security.framework */ = {isa = PBXFileReference; lastKnownFileType = wrapper.framework; name = Security.framework; path = System/Library/Frameworks/Security.framework; sourceTree = SDKROOT; };
		680E4727271EF60F001E50E7 /* AppTrackingTransparency.framework */ = {isa = PBXFileReference; lastKnownFileType = wrapper.framework; name = AppTrackingTransparency.framework; path = System/Library/Frameworks/AppTrackingTransparency.framework; sourceTree = SDKROOT; };
		6C51C58AE84614BBB69F69DE /* Pods-Demo-BUADVADemo.debug.xcconfig */ = {isa = PBXFileReference; includeInIndex = 1; lastKnownFileType = text.xcconfig; name = "Pods-Demo-BUADVADemo.debug.xcconfig"; path = "Pods/Target Support Files/Pods-Demo-BUADVADemo/Pods-Demo-BUADVADemo.debug.xcconfig"; sourceTree = "<group>"; };
		780D5E3C2223CB8D0051EF1B /* Photos.framework */ = {isa = PBXFileReference; lastKnownFileType = wrapper.framework; name = Photos.framework; path = System/Library/Frameworks/Photos.framework; sourceTree = SDKROOT; };
		78E072CD21A2C03C006D71EE /* BUADVADemo.app */ = {isa = PBXFileReference; explicitFileType = wrapper.application; includeInIndex = 0; path = BUADVADemo.app; sourceTree = BUILT_PRODUCTS_DIR; };
		78E073A421A2CFDB006D71EE /* libc++.tbd */ = {isa = PBXFileReference; lastKnownFileType = "sourcecode.text-based-dylib-definition"; name = "libc++.tbd"; path = "usr/lib/libc++.tbd"; sourceTree = SDKROOT; };
		78E073A621A2CFE1006D71EE /* libresolv.9.tbd */ = {isa = PBXFileReference; lastKnownFileType = "sourcecode.text-based-dylib-definition"; name = libresolv.9.tbd; path = usr/lib/libresolv.9.tbd; sourceTree = SDKROOT; };
		78E073A821A2CFE9006D71EE /* CoreMotion.framework */ = {isa = PBXFileReference; lastKnownFileType = wrapper.framework; name = CoreMotion.framework; path = System/Library/Frameworks/CoreMotion.framework; sourceTree = SDKROOT; };
		78E073AA21A2CFF1006D71EE /* AdSupport.framework */ = {isa = PBXFileReference; lastKnownFileType = wrapper.framework; name = AdSupport.framework; path = System/Library/Frameworks/AdSupport.framework; sourceTree = SDKROOT; };
		C69C285A694613E5BF80895F /* libPods-Demo-BUADVADemo.a */ = {isa = PBXFileReference; explicitFileType = archive.ar; includeInIndex = 0; path = "libPods-Demo-BUADVADemo.a"; sourceTree = BUILT_PRODUCTS_DIR; };
		DE0223AE234F0C89002C9D26 /* Accelerate.framework */ = {isa = PBXFileReference; lastKnownFileType = wrapper.framework; name = Accelerate.framework; path = System/Library/Frameworks/Accelerate.framework; sourceTree = SDKROOT; };
		FB26320690641F60B3BBA561 /* Pods-Demo-BUADVADemo.release.xcconfig */ = {isa = PBXFileReference; includeInIndex = 1; lastKnownFileType = text.xcconfig; name = "Pods-Demo-BUADVADemo.release.xcconfig"; path = "Pods/Target Support Files/Pods-Demo-BUADVADemo/Pods-Demo-BUADVADemo.release.xcconfig"; sourceTree = "<group>"; };
/* End PBXFileReference section */

/* Begin PBXFrameworksBuildPhase section */
		78E072CA21A2C03C006D71EE /* Frameworks */ = {
			isa = PBXFrameworksBuildPhase;
			buildActionMask = 2147483647;
			files = (
				2B1171B028157A1600180E61 /* CoreML.framework in Frameworks */,
				680E4728271EF60F001E50E7 /* AppTrackingTransparency.framework in Frameworks */,
				2BED9728257DDC3B00EF5C1F /* Security.framework in Frameworks */,
				2BED9725257DDC3700EF5C1F /* libiconv.tbd in Frameworks */,
				2BED9721257DDC3300EF5C1F /* libz.tbd in Frameworks */,
				2B1D7D5C255D236B00787A7F /* libc++abi.tbd in Frameworks */,
				2B08E58C24E6B74F00B58F2F /* libxml2.tbd in Frameworks */,
				2BA662CE24C8244A00DDB519 /* libbz2.tbd in Frameworks */,
				DE0223AF234F0C89002C9D26 /* Accelerate.framework in Frameworks */,
				780D5E3D2223CB8D0051EF1B /* Photos.framework in Frameworks */,
				78E073AB21A2CFF1006D71EE /* AdSupport.framework in Frameworks */,
				78E073A921A2CFE9006D71EE /* CoreMotion.framework in Frameworks */,
				78E073A721A2CFE2006D71EE /* libresolv.9.tbd in Frameworks */,
				78E073A521A2CFDB006D71EE /* libc++.tbd in Frameworks */,
				0C2E3B738CFCFB091F18A13F /* libPods-Demo-BUADVADemo.a in Frameworks */,
			);
			runOnlyForDeploymentPostprocessing = 0;
		};
/* End PBXFrameworksBuildPhase section */

/* Begin PBXGroup section */
		2B0D2DED28584BB400676DE9 /* Example */ = {
			isa = PBXGroup;
			children = (
				2B0D2DEE28584BB400676DE9 /* viewModel */,
				2B0D2DF728584BB400676DE9 /* BUDAdManager.h */,
				2B0D2DF828584BB400676DE9 /* Controller */,
				2B0D2E1028584BB400676DE9 /* BUDAdManager.m */,
				2B0D2E1128584BB400676DE9 /* model */,
				2B0D2E1828584BB400676DE9 /* view */,
				2B0D2E3F28584BB500676DE9 /* WebAd */,
			);
			path = Example;
			sourceTree = "<group>";
		};
		2B0D2DEE28584BB400676DE9 /* viewModel */ = {
			isa = PBXGroup;
			children = (
				2B0D2DEF28584BB400676DE9 /* BUDExpressRewardedVideoAgainDelegateObj.h */,
				2B0D2DF028584BB400676DE9 /* BUDMainViewModel.m */,
				2B0D2DF128584BB400676DE9 /* BUDRewardedVideoAgainDelegateObj.m */,
				2B0D2DF228584BB400676DE9 /* BUDSlotViewModel.m */,
				2B0D2DF328584BB400676DE9 /* BUDExpressRewardedVideoAgainDelegateObj.m */,
				2B0D2DF428584BB400676DE9 /* BUDMainViewModel.h */,
				2B0D2DF528584BB400676DE9 /* BUDSlotViewModel.h */,
				2B0D2DF628584BB400676DE9 /* BUDRewardedVideoAgainDelegateObj.h */,
			);
			path = viewModel;
			sourceTree = "<group>";
		};
		2B0D2DF828584BB400676DE9 /* Controller */ = {
			isa = PBXGroup;
			children = (
				2B0D2DF928584BB400676DE9 /* BUDSettingViewController.h */,
				2B0D2DFA28584BB400676DE9 /* BUDCustomDislikeViewController.h */,
				2B0D2DFB28584BB400676DE9 /* BUDPersonalPromptsWebViewController.h */,
				2B0D2DFC28584BB400676DE9 /* Native */,
				2B0D2DFF28584BB400676DE9 /* BUDTestToolsViewController.h */,
				2B0D2E0028584BB400676DE9 /* Intersititial */,
				2B0D2E0128584BB400676DE9 /* BUDBaseExampleViewController.m */,
				2B0D2E0228584BB400676DE9 /* BUDSettingViewController.m */,
				2B0D2E0328584BB400676DE9 /* BUDPersonalPromptsWebViewController.m */,
				2B0D2E0428584BB400676DE9 /* BUDCustomDislikeViewController.m */,
				2B0D2E0528584BB400676DE9 /* Rewarded */,
				2B0D2E0828584BB400676DE9 /* BUDBaseExampleViewController.h */,
				2B0D2E0928584BB400676DE9 /* OpenApp */,
				2B0D2E0C28584BB400676DE9 /* Banner */,
				2B0D2E0F28584BB400676DE9 /* BUDTestToolsViewController.m */,
			);
			path = Controller;
			sourceTree = "<group>";
		};
		2B0D2DFC28584BB400676DE9 /* Native */ = {
			isa = PBXGroup;
			children = (
				2B0D2DFD28584BB400676DE9 /* BUDNativeViewController.h */,
				2B0D2DFE28584BB400676DE9 /* BUDNativeViewController.m */,
			);
			path = Native;
			sourceTree = "<group>";
		};
		2B0D2E0028584BB400676DE9 /* Intersititial */ = {
			isa = PBXGroup;
			children = (
				2B0D2E9D28584C2800676DE9 /* BUDInterstitialViewController.h */,
				2B0D2E9E28584C2800676DE9 /* BUDInterstitialViewController.m */,
			);
			path = Intersititial;
			sourceTree = "<group>";
		};
		2B0D2E0528584BB400676DE9 /* Rewarded */ = {
			isa = PBXGroup;
			children = (
				2B0D2E0628584BB400676DE9 /* BUDRewardedViewController.m */,
				2B0D2E0728584BB400676DE9 /* BUDRewardedViewController.h */,
			);
			path = Rewarded;
			sourceTree = "<group>";
		};
		2B0D2E0928584BB400676DE9 /* OpenApp */ = {
			isa = PBXGroup;
			children = (
				2B0D2E0A28584BB400676DE9 /* BULOpenAppViewController.m */,
				2B0D2E0B28584BB400676DE9 /* BULOpenAppViewController.h */,
			);
			path = OpenApp;
			sourceTree = "<group>";
		};
		2B0D2E0C28584BB400676DE9 /* Banner */ = {
			isa = PBXGroup;
			children = (
				2B0D2E0D28584BB400676DE9 /* BUDBannerViewController.m */,
				2B0D2E0E28584BB400676DE9 /* BUDBannerViewController.h */,
			);
			path = Banner;
			sourceTree = "<group>";
		};
		2B0D2E1128584BB400676DE9 /* model */ = {
			isa = PBXGroup;
			children = (
				2B0D2E1228584BB400676DE9 /* BUDFeedNormalModel.h */,
				2B0D2E1328584BB400676DE9 /* BUDConfigModel.m */,
				2B0D2E1428584BB400676DE9 /* BUDSelcetedItem.h */,
				2B0D2E1528584BB400676DE9 /* BUDFeedNormalModel.m */,
				2B0D2E1628584BB400676DE9 /* BUDConfigModel.h */,
				2B0D2E1728584BB400676DE9 /* BUDSelcetedItem.m */,
			);
			path = model;
			sourceTree = "<group>";
		};
		2B0D2E1828584BB400676DE9 /* view */ = {
			isa = PBXGroup;
			children = (
				2B0D2E1928584BB400676DE9 /* BUDFeedNativeTableViewCell.h */,
				2B0D2E1A28584BB400676DE9 /* BUDPasterContentView.h */,
				2B0D2E1B28584BB400676DE9 /* BUDSelectedView.h */,
				2B0D2E1C28584BB400676DE9 /* BUDNativeBannerTableViewCell.h */,
				2B0D2E1D28584BB400676DE9 /* BUDFeedNormalTableViewCell.m */,
				2B0D2E1E28584BB400676DE9 /* BUDSwitchView.h */,
				2B0D2E1F28584BB400676DE9 /* BUDCustomPlayerAdView.m */,
				2B0D2E2028584BB400676DE9 /* BUDRefreshButton.m */,
				2B0D2E2128584BB400676DE9 /* BUDNormalButton.m */,
				2B0D2E2228584BB400676DE9 /* BUDActionAreaView.h */,
				2B0D2E2328584BB400676DE9 /* BUDSelectedCollectionViewCell.m */,
				2B0D2E2428584BB400676DE9 /* BUDdemoDislikeCollectionCell.h */,
				2B0D2E2528584BB400676DE9 /* BUDCollectionViewCell.m */,
				2B0D2E2628584BB400676DE9 /* BUDVideoView.h */,
				2B0D2E2728584BB400676DE9 /* BUDNativeView.m */,
				2B0D2E2828584BB400676DE9 /* BUDSettingTableView.m */,
				2B0D2E2928584BB400676DE9 /* BUDFeedStyleHelper.m */,
				2B0D2E2A28584BB400676DE9 /* BUDDrawTableViewCell.m */,
				2B0D2E2B28584BB400676DE9 /* BUDFeedAdTableViewCell.h */,
				2B0D2E2C28584BB400676DE9 /* BUDCustomPlayerAdView.h */,
				2B0D2E2D28584BB400676DE9 /* BUDRefreshButton.h */,
				2B0D2E2E28584BB400676DE9 /* BUDSwitchView.m */,
				2B0D2E2F28584BB400676DE9 /* BUDFeedNormalTableViewCell.h */,
				2B0D2E3028584BB400676DE9 /* BUDSelectedView.m */,
				2B0D2E3128584BB400676DE9 /* BUDNativeBannerTableViewCell.m */,
				2B0D2E3228584BB400676DE9 /* BUDPasterContentView.m */,
				2B0D2E3328584BB400676DE9 /* BUDFeedNativeTableViewCell.m */,
				2B0D2E3428584BB400676DE9 /* BUDSettingTableView.h */,
				2B0D2E3528584BB400676DE9 /* BUDNativeView.h */,
				2B0D2E3628584BB400676DE9 /* BUDVideoView.m */,
				2B0D2E3728584BB400676DE9 /* BUDdemoDislikeCollectionCell.m */,
				2B0D2E3828584BB500676DE9 /* BUDCollectionViewCell.h */,
				2B0D2E3928584BB500676DE9 /* BUDSelectedCollectionViewCell.h */,
				2B0D2E3A28584BB500676DE9 /* BUDActionAreaView.m */,
				2B0D2E3B28584BB500676DE9 /* BUDNormalButton.h */,
				2B0D2E3C28584BB500676DE9 /* BUDFeedAdTableViewCell.m */,
				2B0D2E3D28584BB500676DE9 /* BUDDrawTableViewCell.h */,
				2B0D2E3E28584BB500676DE9 /* BUDFeedStyleHelper.h */,
			);
			path = view;
			sourceTree = "<group>";
		};
		2B0D2E3F28584BB500676DE9 /* WebAd */ = {
			isa = PBXGroup;
			children = (
				2B0D2E4028584BB500676DE9 /* BUDNativeBannerView.m */,
				2B0D2E4128584BB500676DE9 /* BUDWebViewController.m */,
				2B0D2E4228584BB500676DE9 /* BUDFeedAdView.m */,
				2B0D2E4328584BB500676DE9 /* BUDWebViewController.h */,
				2B0D2E4428584BB500676DE9 /* BUDNativeBannerView.h */,
				2B0D2E4528584BB500676DE9 /* BUDFeedAdView.h */,
			);
			path = WebAd;
			sourceTree = "<group>";
		};
		2B0D2E6D28584BCC00676DE9 /* Macros */ = {
			isa = PBXGroup;
			children = (
				2B0D2E6E28584BCC00676DE9 /* BUDMacros.h */,
				2B0D2E6F28584BCC00676DE9 /* BUDSlotID.h */,
			);
			path = Macros;
			sourceTree = "<group>";
		};
		2B0D2E7028584BCC00676DE9 /* Menu */ = {
			isa = PBXGroup;
			children = (
				2B0D2E7128584BCC00676DE9 /* BUDExampleDefine.m */,
				2B0D2E7228584BCC00676DE9 /* BUDActionCellDefine.m */,
				2B0D2E7328584BCC00676DE9 /* BUDActionCellView.m */,
				2B0D2E7428584BCC00676DE9 /* BUDMainViewController.h */,
				2B0D2E7528584BCC00676DE9 /* BUDExampleDefine.h */,
				2B0D2E7628584BCC00676DE9 /* BUDActionCellDefine.h */,
				2B0D2E7728584BCC00676DE9 /* BUDActionCellView.h */,
				2B0D2E7828584BCC00676DE9 /* BUDMainViewController.m */,
			);
			path = Menu;
			sourceTree = "<group>";
		};
		2B0D2E7928584BCC00676DE9 /* Until */ = {
			isa = PBXGroup;
			children = (
				2B0D2E7A28584BCC00676DE9 /* BUDBase64.m */,
				2B0D2E7B28584BCC00676DE9 /* Category */,
				2B0D2E8428584BCC00676DE9 /* BUDPrivacyProvider.h */,
				2B0D2E8528584BCC00676DE9 /* Animation */,
				2B0D2E8828584BCC00676DE9 /* FPSLabel */,
				2B0D2E8B28584BCC00676DE9 /* ScanFun */,
				2B0D2E8E28584BCC00676DE9 /* BUDBase64.h */,
				2B0D2E8F28584BCC00676DE9 /* BUDPrivacyProvider.m */,
			);
			path = Until;
			sourceTree = "<group>";
		};
		2B0D2E7B28584BCC00676DE9 /* Category */ = {
			isa = PBXGroup;
			children = (
				2B0D2E7C28584BCC00676DE9 /* NSString+LocalizedString.h */,
				2B0D2E7D28584BCC00676DE9 /* UIColor+DarkMode.m */,
				2B0D2E7E28584BCC00676DE9 /* UIView+Draw.m */,
				2B0D2E7F28584BCC00676DE9 /* NSString+Json.m */,
				2B0D2E8028584BCC00676DE9 /* NSString+LocalizedString.m */,
				2B0D2E8128584BCC00676DE9 /* UIColor+DarkMode.h */,
				2B0D2E8228584BCC00676DE9 /* NSString+Json.h */,
				2B0D2E8328584BCC00676DE9 /* UIView+Draw.h */,
			);
			path = Category;
			sourceTree = "<group>";
		};
		2B0D2E8528584BCC00676DE9 /* Animation */ = {
			isa = PBXGroup;
			children = (
				2B0D2E8628584BCC00676DE9 /* BUDAnimationTool.m */,
				2B0D2E8728584BCC00676DE9 /* BUDAnimationTool.h */,
			);
			path = Animation;
			sourceTree = "<group>";
		};
		2B0D2E8828584BCC00676DE9 /* FPSLabel */ = {
			isa = PBXGroup;
			children = (
				2B0D2E8928584BCC00676DE9 /* RRFPSBar.h */,
				2B0D2E8A28584BCC00676DE9 /* RRFPSBar.m */,
			);
			path = FPSLabel;
			sourceTree = "<group>";
		};
		2B0D2E8B28584BCC00676DE9 /* ScanFun */ = {
			isa = PBXGroup;
			children = (
				2B0D2E8C28584BCC00676DE9 /* BUDSanWebViewController.h */,
				2B0D2E8D28584BCC00676DE9 /* BUDSanWebViewController.m */,
			);
			path = ScanFun;
			sourceTree = "<group>";
		};
		2B4478F2282B7D6D0074BAD2 /* BUDemo */ = {
			isa = PBXGroup;
			children = (
				2B4478F3282B7D6D0074BAD2 /* BUDemoLanguage.strings */,
				2B4478F7282B7D6D0074BAD2 /* DevInfo.plist */,
				2B4478F8282B7D6D0074BAD2 /* AppDelegate.h */,
				2B44797B282B7D6E0074BAD2 /* AppDelegate.m */,
				2B4478F9282B7D6D0074BAD2 /* App */,
				2B44796D282B7D6E0074BAD2 /* Support */,
				2B44797C282B7D6E0074BAD2 /* Resource */,
				2B447985282B7D6E0074BAD2 /* PrefixHeader.pch */,
				2B447986282B7D6E0074BAD2 /* Info.plist */,
			);
			path = BUDemo;
			sourceTree = "<group>";
		};
		2B4478F9282B7D6D0074BAD2 /* App */ = {
			isa = PBXGroup;
			children = (
				2B0D2E6D28584BCC00676DE9 /* Macros */,
				2B0D2E7028584BCC00676DE9 /* Menu */,
				2B0D2E7928584BCC00676DE9 /* Until */,
				2B0D2DED28584BB400676DE9 /* Example */,
			);
			path = App;
			sourceTree = "<group>";
		};
		2B44796D282B7D6E0074BAD2 /* Support */ = {
			isa = PBXGroup;
			children = (
				2B44796E282B7D6E0074BAD2 /* LaunchScreen.strings */,
				2B447970282B7D6E0074BAD2 /* Main.strings */,
				2B447976282B7D6E0074BAD2 /* LaunchScreen.storyboard */,
				2B447978282B7D6E0074BAD2 /* Main.storyboard */,
				2B44797A282B7D6E0074BAD2 /* main.m */,
			);
			path = Support;
			sourceTree = "<group>";
		};
		2B44797C282B7D6E0074BAD2 /* Resource */ = {
			isa = PBXGroup;
			children = (
				2B44797D282B7D6E0074BAD2 /* Assets.xcassets */,
				2B44797E282B7D6E0074BAD2 /* music.mp3 */,
				2B44797F282B7D6E0074BAD2 /* 1111.html */,
				2B447980282B7D6E0074BAD2 /* index1.css */,
				2B447981282B7D6E0074BAD2 /* index1.js */,
				2B447982282B7D6E0074BAD2 /* drawVideo */,
				2B447984282B7D6E0074BAD2 /* index1.html */,
			);
			path = Resource;
			sourceTree = "<group>";
		};
		2B447982282B7D6E0074BAD2 /* drawVideo */ = {
			isa = PBXGroup;
			children = (
				2B447983282B7D6E0074BAD2 /* feedInfo.cactus */,
			);
			path = drawVideo;
			sourceTree = "<group>";
		};
		2B6DD277255D439F00FF8CA5 /* CustomEventAdapter */ = {
			isa = PBXGroup;
			children = (
				2B6DD278255D439F00FF8CA5 /* Adapter */,
				2B6DD283255D439F00FF8CA5 /* ExamplePage */,
			);
			name = CustomEventAdapter;
			path = ../../CustomEventAdapter;
			sourceTree = "<group>";
		};
		2B6DD278255D439F00FF8CA5 /* Adapter */ = {
			isa = PBXGroup;
			children = (
				2BD58958274612BD00CEC212 /* BUDAdmobTool.h */,
				2BD58959274612BD00CEC212 /* BUDAdmobTool.m */,
				2B6DD279255D439F00FF8CA5 /* BUDAdmob_FullScreenVideoCustomEventAdapter.h */,
				2B6DD27A255D439F00FF8CA5 /* BUDAdmob_BannerCustomEventAdapter.m */,
				2B6DD27B255D439F00FF8CA5 /* BUDAdmob_NativeFeedAd.h */,
				2B6DD27C255D439F00FF8CA5 /* BUDAdmob_RewardCustomEventAdapter.h */,
				2B6DD27D255D439F00FF8CA5 /* BUDAdmob_NativeFeedCustomEventAdapter.h */,
				2B6DD27E255D439F00FF8CA5 /* BUDAdmob_BannerCustomEventAdapter.h */,
				2B6DD27F255D439F00FF8CA5 /* BUDAdmob_FullScreenVideoCustomEventAdapter.m */,
				2B6DD280255D439F00FF8CA5 /* BUDAdmob_RewardCustomEventAdapter.m */,
				2B6DD281255D439F00FF8CA5 /* BUDAdmob_NativeFeedAd.m */,
				2B6DD282255D439F00FF8CA5 /* BUDAdmob_NativeFeedCustomEventAdapter.m */,
			);
			path = Adapter;
			sourceTree = "<group>";
		};
		2B6DD283255D439F00FF8CA5 /* ExamplePage */ = {
			isa = PBXGroup;
			children = (
				2B6DD284255D439F00FF8CA5 /* SubPage */,
				2B6DD28E255D439F00FF8CA5 /* MainPage */,
			);
			path = ExamplePage;
			sourceTree = "<group>";
		};
		2B6DD284255D439F00FF8CA5 /* SubPage */ = {
			isa = PBXGroup;
			children = (
				2B6DD285255D439F00FF8CA5 /* BUDAdmob_RewardVideoCusEventVC.h */,
				2B6DD286255D439F00FF8CA5 /* BUDAdmob_BannerCusEventVC.h */,
				2B6DD287255D439F00FF8CA5 /* BUDAdmob_FullScreenCusEventVC.m */,
				2B6DD288255D439F00FF8CA5 /* BUDAdmob_FeedNativeCusEventVC.m */,
				2B6DD289255D439F00FF8CA5 /* BUDAdmob_RewardVideoCusEventVC.m */,
				2B6DD28A255D439F00FF8CA5 /* UnifiedNativeAdView.xib */,
				2B6DD28B255D439F00FF8CA5 /* BUDAdmob_FullScreenCusEventVC.h */,
				2B6DD28C255D439F00FF8CA5 /* BUDAdmob_BannerCusEventVC.m */,
				2B6DD28D255D439F00FF8CA5 /* BUDAdmob_FeedNativeCusEventVC.h */,
			);
			path = SubPage;
			sourceTree = "<group>";
		};
		2B6DD28E255D439F00FF8CA5 /* MainPage */ = {
			isa = PBXGroup;
			children = (
				2B6DD28F255D439F00FF8CA5 /* BUDAdmobCustomEventViewController.m */,
				2B6DD290255D439F00FF8CA5 /* BUDAdmobCustomEventViewController.h */,
			);
			path = MainPage;
			sourceTree = "<group>";
		};
		6C25FC835F24553C67AD4CC9 /* Pods */ = {
			isa = PBXGroup;
			children = (
				6C51C58AE84614BBB69F69DE /* Pods-Demo-BUADVADemo.debug.xcconfig */,
				FB26320690641F60B3BBA561 /* Pods-Demo-BUADVADemo.release.xcconfig */,
			);
			name = Pods;
			sourceTree = "<group>";
		};
		78E0729C21A2BF41006D71EE = {
			isa = PBXGroup;
			children = (
				2B4478F2282B7D6D0074BAD2 /* BUDemo */,
				2B6DD277255D439F00FF8CA5 /* CustomEventAdapter */,
				78E072A621A2BF41006D71EE /* Products */,
				6C25FC835F24553C67AD4CC9 /* Pods */,
				A9BB8904F5E2E508722AB9C2 /* Frameworks */,
			);
			sourceTree = "<group>";
		};
		78E072A621A2BF41006D71EE /* Products */ = {
			isa = PBXGroup;
			children = (
				78E072CD21A2C03C006D71EE /* BUADVADemo.app */,
			);
			name = Products;
			sourceTree = "<group>";
		};
		A9BB8904F5E2E508722AB9C2 /* Frameworks */ = {
			isa = PBXGroup;
			children = (
				2B1171AF28157A1600180E61 /* CoreML.framework */,
				680E4727271EF60F001E50E7 /* AppTrackingTransparency.framework */,
				2BED9727257DDC3A00EF5C1F /* Security.framework */,
				2BED9724257DDC3700EF5C1F /* libiconv.tbd */,
				2BED9720257DDC3300EF5C1F /* libz.tbd */,
				2B1D7D5B255D236B00787A7F /* libc++abi.tbd */,
				DE0223AE234F0C89002C9D26 /* Accelerate.framework */,
				78E073AA21A2CFF1006D71EE /* AdSupport.framework */,
				78E073A821A2CFE9006D71EE /* CoreMotion.framework */,
				2BA662CD24C8244A00DDB519 /* libbz2.tbd */,
				78E073A421A2CFDB006D71EE /* libc++.tbd */,
				78E073A621A2CFE1006D71EE /* libresolv.9.tbd */,
				2B08E58B24E6B74F00B58F2F /* libxml2.tbd */,
				780D5E3C2223CB8D0051EF1B /* Photos.framework */,
				C69C285A694613E5BF80895F /* libPods-Demo-BUADVADemo.a */,
			);
			name = Frameworks;
			sourceTree = "<group>";
		};
/* End PBXGroup section */

/* Begin PBXNativeTarget section */
		78E072CC21A2C03C006D71EE /* BUADVADemo */ = {
			isa = PBXNativeTarget;
			buildConfigurationList = 78E072E021A2C03D006D71EE /* Build configuration list for PBXNativeTarget "BUADVADemo" */;
			buildPhases = (
				D104421B1E67501A272790CF /* [CP] Check Pods Manifest.lock */,
				78E072C921A2C03C006D71EE /* Sources */,
				78E072CA21A2C03C006D71EE /* Frameworks */,
				78E072CB21A2C03C006D71EE /* Resources */,
				C339BD50D9EF357EAB0E9337 /* [CP] Copy Pods Resources */,
			);
			buildRules = (
			);
			dependencies = (
			);
			name = BUADVADemo;
			productName = BUDemo;
			productReference = 78E072CD21A2C03C006D71EE /* BUADVADemo.app */;
			productType = "com.apple.product-type.application";
		};
/* End PBXNativeTarget section */

/* Begin PBXProject section */
		78E0729D21A2BF41006D71EE /* Project object */ = {
			isa = PBXProject;
			attributes = {
				CLASSPREFIX = BUD;
				LastUpgradeCheck = 1130;
				ORGANIZATIONNAME = bytedance;
				TargetAttributes = {
					78E072CC21A2C03C006D71EE = {
						CreatedOnToolsVersion = 10.0;
					};
				};
			};
			buildConfigurationList = 78E072A021A2BF41006D71EE /* Build configuration list for PBXProject "BUADVADemo" */;
			compatibilityVersion = "Xcode 9.3";
			developmentRegion = en;
			hasScannedForEncodings = 0;
			knownRegions = (
				en,
				Base,
				ja,
				"zh-Hans",
				ko,
			);
			mainGroup = 78E0729C21A2BF41006D71EE;
			productRefGroup = 78E072A621A2BF41006D71EE /* Products */;
			projectDirPath = "";
			projectRoot = "";
			targets = (
				78E072CC21A2C03C006D71EE /* BUADVADemo */,
			);
		};
/* End PBXProject section */

/* Begin PBXResourcesBuildPhase section */
		78E072CB21A2C03C006D71EE /* Resources */ = {
			isa = PBXResourcesBuildPhase;
			buildActionMask = 2147483647;
			files = (
				2B4479C5282B7D6E0074BAD2 /* feedInfo.cactus in Resources */,
				2B4479C1282B7D6E0074BAD2 /* music.mp3 in Resources */,
				2B447987282B7D6E0074BAD2 /* BUDemoLanguage.strings in Resources */,
				2B447988282B7D6E0074BAD2 /* DevInfo.plist in Resources */,
				2B4479BD282B7D6E0074BAD2 /* Main.storyboard in Resources */,
				2B4479BB282B7D6E0074BAD2 /* Main.strings in Resources */,
				2B4479C3282B7D6E0074BAD2 /* index1.css in Resources */,
				2B4479BC282B7D6E0074BAD2 /* LaunchScreen.storyboard in Resources */,
				2B4479C4282B7D6E0074BAD2 /* index1.js in Resources */,
				2B4479BA282B7D6E0074BAD2 /* LaunchScreen.strings in Resources */,
				2B4479C6282B7D6E0074BAD2 /* index1.html in Resources */,
				2B4479C0282B7D6E0074BAD2 /* Assets.xcassets in Resources */,
				2B6DD299255D439F00FF8CA5 /* UnifiedNativeAdView.xib in Resources */,
				2B4479C2282B7D6E0074BAD2 /* 1111.html in Resources */,
			);
			runOnlyForDeploymentPostprocessing = 0;
		};
/* End PBXResourcesBuildPhase section */

/* Begin PBXShellScriptBuildPhase section */
		C339BD50D9EF357EAB0E9337 /* [CP] Copy Pods Resources */ = {
			isa = PBXShellScriptBuildPhase;
			buildActionMask = 2147483647;
			files = (
			);
			inputFileListPaths = (
				"${PODS_ROOT}/Target Support Files/Pods-Demo-BUADVADemo/Pods-Demo-BUADVADemo-resources-${CONFIGURATION}-input-files.xcfilelist",
			);
			name = "[CP] Copy Pods Resources";
			outputFileListPaths = (
				"${PODS_ROOT}/Target Support Files/Pods-Demo-BUADVADemo/Pods-Demo-BUADVADemo-resources-${CONFIGURATION}-output-files.xcfilelist",
			);
			runOnlyForDeploymentPostprocessing = 0;
			shellPath = /bin/sh;
			shellScript = "\"${PODS_ROOT}/Target Support Files/Pods-Demo-BUADVADemo/Pods-Demo-BUADVADemo-resources.sh\"\n";
			showEnvVarsInLog = 0;
		};
		D104421B1E67501A272790CF /* [CP] Check Pods Manifest.lock */ = {
			isa = PBXShellScriptBuildPhase;
			buildActionMask = 2147483647;
			files = (
			);
			inputPaths = (
				"${PODS_PODFILE_DIR_PATH}/Podfile.lock",
				"${PODS_ROOT}/Manifest.lock",
			);
			name = "[CP] Check Pods Manifest.lock";
			outputPaths = (
				"$(DERIVED_FILE_DIR)/Pods-Demo-BUADVADemo-checkManifestLockResult.txt",
			);
			runOnlyForDeploymentPostprocessing = 0;
			shellPath = /bin/sh;
			shellScript = "diff \"${PODS_PODFILE_DIR_PATH}/Podfile.lock\" \"${PODS_ROOT}/Manifest.lock\" > /dev/null\nif [ $? != 0 ] ; then\n    # print error to STDERR\n    echo \"error: The sandbox is not in sync with the Podfile.lock. Run 'pod install' or update your CocoaPods installation.\" >&2\n    exit 1\nfi\n# This output is used by Xcode 'outputs' to avoid re-running this script phase.\necho \"SUCCESS\" > \"${SCRIPT_OUTPUT_FILE_0}\"\n";
			showEnvVarsInLog = 0;
		};
/* End PBXShellScriptBuildPhase section */

/* Begin PBXSourcesBuildPhase section */
		78E072C921A2C03C006D71EE /* Sources */ = {
			isa = PBXSourcesBuildPhase;
			buildActionMask = 2147483647;
			files = (
				2B6DD292255D439F00FF8CA5 /* BUDAdmob_FullScreenVideoCustomEventAdapter.m in Sources */,
				2BD5895A274612BD00CEC212 /* BUDAdmobTool.m in Sources */,
				2B0D2E9028584BCC00676DE9 /* BUDExampleDefine.m in Sources */,
				2B0D2E6028584BB500676DE9 /* BUDDrawTableViewCell.m in Sources */,
				2B0D2E6628584BB500676DE9 /* BUDVideoView.m in Sources */,
				2B4479BE282B7D6E0074BAD2 /* main.m in Sources */,
				2B0D2E6928584BB500676DE9 /* BUDFeedAdTableViewCell.m in Sources */,
				2B0D2E6128584BB500676DE9 /* BUDSwitchView.m in Sources */,
				2B0D2E9128584BCC00676DE9 /* BUDActionCellDefine.m in Sources */,
				2B0D2E9328584BCC00676DE9 /* BUDMainViewController.m in Sources */,
				2B0D2E5128584BB500676DE9 /* BUDBannerViewController.m in Sources */,
				2B0D2E5F28584BB500676DE9 /* BUDFeedStyleHelper.m in Sources */,
				2B0D2E5828584BB500676DE9 /* BUDCustomPlayerAdView.m in Sources */,
				2B0D2E6428584BB500676DE9 /* BUDPasterContentView.m in Sources */,
				2B0D2E9B28584BCC00676DE9 /* BUDSanWebViewController.m in Sources */,
				2B0D2E9A28584BCC00676DE9 /* RRFPSBar.m in Sources */,
				2B0D2E9828584BCC00676DE9 /* NSString+LocalizedString.m in Sources */,
				2B0D2E9228584BCC00676DE9 /* BUDActionCellView.m in Sources */,
				2B0D2E4828584BB500676DE9 /* BUDSlotViewModel.m in Sources */,
				2B0D2E5228584BB500676DE9 /* BUDTestToolsViewController.m in Sources */,
				2B0D2E5928584BB500676DE9 /* BUDRefreshButton.m in Sources */,
				2B0D2E5528584BB500676DE9 /* BUDFeedNormalModel.m in Sources */,
				2B0D2E9728584BCC00676DE9 /* NSString+Json.m in Sources */,
				2B0D2E6A28584BB500676DE9 /* BUDNativeBannerView.m in Sources */,
				2B0D2E9F28584C2800676DE9 /* BUDInterstitialViewController.m in Sources */,
				2B6DD295255D439F00FF8CA5 /* BUDAdmob_NativeFeedCustomEventAdapter.m in Sources */,
				2B0D2E6828584BB500676DE9 /* BUDActionAreaView.m in Sources */,
				2B0D2E5A28584BB500676DE9 /* BUDNormalButton.m in Sources */,
				2B0D2E6C28584BB500676DE9 /* BUDFeedAdView.m in Sources */,
				2B6DD291255D439F00FF8CA5 /* BUDAdmob_BannerCustomEventAdapter.m in Sources */,
				2B0D2E5628584BB500676DE9 /* BUDSelcetedItem.m in Sources */,
				2B0D2E9528584BCC00676DE9 /* UIColor+DarkMode.m in Sources */,
				2B6DD29A255D439F00FF8CA5 /* BUDAdmob_BannerCusEventVC.m in Sources */,
				2B0D2E5B28584BB500676DE9 /* BUDSelectedCollectionViewCell.m in Sources */,
				2B0D2E4E28584BB500676DE9 /* BUDCustomDislikeViewController.m in Sources */,
				2B6DD293255D439F00FF8CA5 /* BUDAdmob_RewardCustomEventAdapter.m in Sources */,
				2B0D2E5328584BB500676DE9 /* BUDAdManager.m in Sources */,
				2B0D2E5D28584BB500676DE9 /* BUDNativeView.m in Sources */,
				2B0D2E6228584BB500676DE9 /* BUDSelectedView.m in Sources */,
				2B6DD297255D439F00FF8CA5 /* BUDAdmob_FeedNativeCusEventVC.m in Sources */,
				2B0D2E4628584BB500676DE9 /* BUDMainViewModel.m in Sources */,
				2B0D2E4728584BB500676DE9 /* BUDRewardedVideoAgainDelegateObj.m in Sources */,
				2B0D2E9C28584BCC00676DE9 /* BUDPrivacyProvider.m in Sources */,
				2B0D2E6B28584BB500676DE9 /* BUDWebViewController.m in Sources */,
				2B0D2E5028584BB500676DE9 /* BULOpenAppViewController.m in Sources */,
				2B0D2E4C28584BB500676DE9 /* BUDSettingViewController.m in Sources */,
				2B0D2E5728584BB500676DE9 /* BUDFeedNormalTableViewCell.m in Sources */,
				2B0D2E4D28584BB500676DE9 /* BUDPersonalPromptsWebViewController.m in Sources */,
				2B6DD294255D439F00FF8CA5 /* BUDAdmob_NativeFeedAd.m in Sources */,
				2B6DD298255D439F00FF8CA5 /* BUDAdmob_RewardVideoCusEventVC.m in Sources */,
				2B0D2E4A28584BB500676DE9 /* BUDNativeViewController.m in Sources */,
				2B0D2E6328584BB500676DE9 /* BUDNativeBannerTableViewCell.m in Sources */,
				2B0D2E4928584BB500676DE9 /* BUDExpressRewardedVideoAgainDelegateObj.m in Sources */,
				2B0D2E4B28584BB500676DE9 /* BUDBaseExampleViewController.m in Sources */,
				2B0D2E6528584BB500676DE9 /* BUDFeedNativeTableViewCell.m in Sources */,
				2B0D2E5E28584BB500676DE9 /* BUDSettingTableView.m in Sources */,
				2B0D2E4F28584BB500676DE9 /* BUDRewardedViewController.m in Sources */,
				2B0D2E9428584BCC00676DE9 /* BUDBase64.m in Sources */,
				2B0D2E5C28584BB500676DE9 /* BUDCollectionViewCell.m in Sources */,
				2B6DD29B255D439F00FF8CA5 /* BUDAdmobCustomEventViewController.m in Sources */,
				2B0D2E9928584BCC00676DE9 /* BUDAnimationTool.m in Sources */,
				2B0D2E5428584BB500676DE9 /* BUDConfigModel.m in Sources */,
				2B4479BF282B7D6E0074BAD2 /* AppDelegate.m in Sources */,
				2B0D2E9628584BCC00676DE9 /* UIView+Draw.m in Sources */,
				2B6DD296255D439F00FF8CA5 /* BUDAdmob_FullScreenCusEventVC.m in Sources */,
				2B0D2E6728584BB500676DE9 /* BUDdemoDislikeCollectionCell.m in Sources */,
			);
			runOnlyForDeploymentPostprocessing = 0;
		};
/* End PBXSourcesBuildPhase section */

/* Begin PBXVariantGroup section */
		2B4478F3282B7D6D0074BAD2 /* BUDemoLanguage.strings */ = {
			isa = PBXVariantGroup;
			children = (
				2B4478F4282B7D6D0074BAD2 /* zh-Hans */,
				2B4478F5282B7D6D0074BAD2 /* ja */,
				2B4478F6282B7D6D0074BAD2 /* en */,
				2B44796C282B7D6E0074BAD2 /* ko */,
			);
			name = BUDemoLanguage.strings;
			sourceTree = "<group>";
		};
		2B44796E282B7D6E0074BAD2 /* LaunchScreen.strings */ = {
			isa = PBXVariantGroup;
			children = (
				2B44796F282B7D6E0074BAD2 /* zh-Hans */,
				2B447972282B7D6E0074BAD2 /* ja */,
				2B447974282B7D6E0074BAD2 /* ko */,
			);
			name = LaunchScreen.strings;
			sourceTree = "<group>";
		};
		2B447970282B7D6E0074BAD2 /* Main.strings */ = {
			isa = PBXVariantGroup;
			children = (
				2B447971282B7D6E0074BAD2 /* zh-Hans */,
				2B447973282B7D6E0074BAD2 /* ja */,
				2B447975282B7D6E0074BAD2 /* ko */,
			);
			name = Main.strings;
			sourceTree = "<group>";
		};
		2B447976282B7D6E0074BAD2 /* LaunchScreen.storyboard */ = {
			isa = PBXVariantGroup;
			children = (
				2B447977282B7D6E0074BAD2 /* Base */,
			);
			name = LaunchScreen.storyboard;
			sourceTree = "<group>";
		};
		2B447978282B7D6E0074BAD2 /* Main.storyboard */ = {
			isa = PBXVariantGroup;
			children = (
				2B447979282B7D6E0074BAD2 /* Base */,
			);
			name = Main.storyboard;
			sourceTree = "<group>";
		};
/* End PBXVariantGroup section */

/* Begin XCBuildConfiguration section */
		78E072B921A2BF44006D71EE /* Debug */ = {
			isa = XCBuildConfiguration;
			buildSettings = {
				ALWAYS_SEARCH_USER_PATHS = NO;
				CLANG_ANALYZER_LOCALIZABILITY_NONLOCALIZED = YES;
				CLANG_ANALYZER_NONNULL = YES;
				CLANG_ANALYZER_NUMBER_OBJECT_CONVERSION = YES_AGGRESSIVE;
				CLANG_CXX_LANGUAGE_STANDARD = "gnu++14";
				CLANG_CXX_LIBRARY = "libc++";
				CLANG_ENABLE_MODULES = YES;
				CLANG_ENABLE_OBJC_ARC = YES;
				CLANG_ENABLE_OBJC_WEAK = YES;
				CLANG_WARN_BLOCK_CAPTURE_AUTORELEASING = YES;
				CLANG_WARN_BOOL_CONVERSION = YES;
				CLANG_WARN_COMMA = YES;
				CLANG_WARN_CONSTANT_CONVERSION = YES;
				CLANG_WARN_DEPRECATED_OBJC_IMPLEMENTATIONS = YES;
				CLANG_WARN_DIRECT_OBJC_ISA_USAGE = YES_ERROR;
				CLANG_WARN_DOCUMENTATION_COMMENTS = YES;
				CLANG_WARN_EMPTY_BODY = YES;
				CLANG_WARN_ENUM_CONVERSION = YES;
				CLANG_WARN_INFINITE_RECURSION = YES;
				CLANG_WARN_INT_CONVERSION = YES;
				CLANG_WARN_NON_LITERAL_NULL_CONVERSION = YES;
				CLANG_WARN_OBJC_IMPLICIT_RETAIN_SELF = YES;
				CLANG_WARN_OBJC_LITERAL_CONVERSION = YES;
				CLANG_WARN_OBJC_ROOT_CLASS = YES_ERROR;
				CLANG_WARN_RANGE_LOOP_ANALYSIS = YES;
				CLANG_WARN_STRICT_PROTOTYPES = YES;
				CLANG_WARN_SUSPICIOUS_MOVE = YES;
				CLANG_WARN_UNGUARDED_AVAILABILITY = YES_AGGRESSIVE;
				CLANG_WARN_UNREACHABLE_CODE = YES;
				CLANG_WARN__DUPLICATE_METHOD_MATCH = YES;
				CODE_SIGN_IDENTITY = "iPhone Developer";
				COPY_PHASE_STRIP = NO;
				DEBUG_INFORMATION_FORMAT = dwarf;
				ENABLE_STRICT_OBJC_MSGSEND = YES;
				ENABLE_TESTABILITY = YES;
				GCC_C_LANGUAGE_STANDARD = gnu11;
				GCC_DYNAMIC_NO_PIC = NO;
				GCC_NO_COMMON_BLOCKS = YES;
				GCC_OPTIMIZATION_LEVEL = 0;
				GCC_PREPROCESSOR_DEFINITIONS = (
					"DEBUG=1",
					"$(inherited)",
				);
				GCC_WARN_64_TO_32_BIT_CONVERSION = YES;
				GCC_WARN_ABOUT_RETURN_TYPE = YES_ERROR;
				GCC_WARN_UNDECLARED_SELECTOR = YES;
				GCC_WARN_UNINITIALIZED_AUTOS = YES_AGGRESSIVE;
				GCC_WARN_UNUSED_FUNCTION = YES;
				GCC_WARN_UNUSED_VARIABLE = YES;
				IPHONEOS_DEPLOYMENT_TARGET = 8.0;
				MTL_ENABLE_DEBUG_INFO = INCLUDE_SOURCE;
				MTL_FAST_MATH = YES;
				ONLY_ACTIVE_ARCH = YES;
				SDKROOT = iphoneos;
			};
			name = Debug;
		};
		78E072BA21A2BF44006D71EE /* Release */ = {
			isa = XCBuildConfiguration;
			buildSettings = {
				ALWAYS_SEARCH_USER_PATHS = NO;
				CLANG_ANALYZER_LOCALIZABILITY_NONLOCALIZED = YES;
				CLANG_ANALYZER_NONNULL = YES;
				CLANG_ANALYZER_NUMBER_OBJECT_CONVERSION = YES_AGGRESSIVE;
				CLANG_CXX_LANGUAGE_STANDARD = "gnu++14";
				CLANG_CXX_LIBRARY = "libc++";
				CLANG_ENABLE_MODULES = YES;
				CLANG_ENABLE_OBJC_ARC = YES;
				CLANG_ENABLE_OBJC_WEAK = YES;
				CLANG_WARN_BLOCK_CAPTURE_AUTORELEASING = YES;
				CLANG_WARN_BOOL_CONVERSION = YES;
				CLANG_WARN_COMMA = YES;
				CLANG_WARN_CONSTANT_CONVERSION = YES;
				CLANG_WARN_DEPRECATED_OBJC_IMPLEMENTATIONS = YES;
				CLANG_WARN_DIRECT_OBJC_ISA_USAGE = YES_ERROR;
				CLANG_WARN_DOCUMENTATION_COMMENTS = YES;
				CLANG_WARN_EMPTY_BODY = YES;
				CLANG_WARN_ENUM_CONVERSION = YES;
				CLANG_WARN_INFINITE_RECURSION = YES;
				CLANG_WARN_INT_CONVERSION = YES;
				CLANG_WARN_NON_LITERAL_NULL_CONVERSION = YES;
				CLANG_WARN_OBJC_IMPLICIT_RETAIN_SELF = YES;
				CLANG_WARN_OBJC_LITERAL_CONVERSION = YES;
				CLANG_WARN_OBJC_ROOT_CLASS = YES_ERROR;
				CLANG_WARN_RANGE_LOOP_ANALYSIS = YES;
				CLANG_WARN_STRICT_PROTOTYPES = YES;
				CLANG_WARN_SUSPICIOUS_MOVE = YES;
				CLANG_WARN_UNGUARDED_AVAILABILITY = YES_AGGRESSIVE;
				CLANG_WARN_UNREACHABLE_CODE = YES;
				CLANG_WARN__DUPLICATE_METHOD_MATCH = YES;
				CODE_SIGN_IDENTITY = "iPhone Developer";
				COPY_PHASE_STRIP = NO;
				DEBUG_INFORMATION_FORMAT = "dwarf-with-dsym";
				ENABLE_NS_ASSERTIONS = NO;
				ENABLE_STRICT_OBJC_MSGSEND = YES;
				GCC_C_LANGUAGE_STANDARD = gnu11;
				GCC_NO_COMMON_BLOCKS = YES;
				GCC_WARN_64_TO_32_BIT_CONVERSION = YES;
				GCC_WARN_ABOUT_RETURN_TYPE = YES_ERROR;
				GCC_WARN_UNDECLARED_SELECTOR = YES;
				GCC_WARN_UNINITIALIZED_AUTOS = YES_AGGRESSIVE;
				GCC_WARN_UNUSED_FUNCTION = YES;
				GCC_WARN_UNUSED_VARIABLE = YES;
				IPHONEOS_DEPLOYMENT_TARGET = 8.0;
				MTL_ENABLE_DEBUG_INFO = NO;
				MTL_FAST_MATH = YES;
				SDKROOT = iphoneos;
				VALIDATE_PRODUCT = YES;
			};
			name = Release;
		};
		78E072E121A2C03D006D71EE /* Debug */ = {
			isa = XCBuildConfiguration;
			baseConfigurationReference = 6C51C58AE84614BBB69F69DE /* Pods-Demo-BUADVADemo.debug.xcconfig */;
			buildSettings = {
				ASSETCATALOG_COMPILER_APPICON_NAME = AppIcon;
				CLANG_ALLOW_NON_MODULAR_INCLUDES_IN_FRAMEWORK_MODULES = YES;
				CODE_SIGN_IDENTITY = "Apple Development";
				CODE_SIGN_STYLE = Manual;
				DEVELOPMENT_TEAM = "";
				FRAMEWORK_SEARCH_PATHS = (
					"$(inherited)",
					"$(PROJECT_DIR)",
					"$(PROJECT_DIR)/../../SDK",
				);
				GCC_PRECOMPILE_PREFIX_HEADER = YES;
				GCC_PREFIX_HEADER = "$(SRCROOT)/BUDemo/PrefixHeader.pch";
				INFOPLIST_FILE = "$(SRCROOT)/BUDemo/Info.plist";
				IPHONEOS_DEPLOYMENT_TARGET = 9.0;
				LD_RUNPATH_SEARCH_PATHS = (
					"$(inherited)",
					"@executable_path/Frameworks",
				);
				MARKETING_VERSION = 4.6.0.1;
				PRODUCT_BUNDLE_IDENTIFIER = com.bytedance.ADUnion;
				PRODUCT_NAME = "$(TARGET_NAME)";
				PROVISIONING_PROFILE_SPECIFIER = "";
				TARGETED_DEVICE_FAMILY = "1,2";
			};
			name = Debug;
		};
		78E072E221A2C03D006D71EE /* Release */ = {
			isa = XCBuildConfiguration;
			baseConfigurationReference = FB26320690641F60B3BBA561 /* Pods-Demo-BUADVADemo.release.xcconfig */;
			buildSettings = {
				ASSETCATALOG_COMPILER_APPICON_NAME = AppIcon;
				CLANG_ALLOW_NON_MODULAR_INCLUDES_IN_FRAMEWORK_MODULES = YES;
				CODE_SIGN_IDENTITY = "iPhone Distribution";
				CODE_SIGN_STYLE = Manual;
				DEVELOPMENT_TEAM = XXHND5J98K;
				FRAMEWORK_SEARCH_PATHS = (
					"$(inherited)",
					"$(PROJECT_DIR)",
					"$(PROJECT_DIR)/../../SDK",
				);
				GCC_PRECOMPILE_PREFIX_HEADER = YES;
				GCC_PREFIX_HEADER = "$(SRCROOT)/BUDemo/PrefixHeader.pch";
				INFOPLIST_FILE = "$(SRCROOT)/BUDemo/Info.plist";
				IPHONEOS_DEPLOYMENT_TARGET = 9.0;
				LD_RUNPATH_SEARCH_PATHS = (
					"$(inherited)",
					"@executable_path/Frameworks",
				);
				MARKETING_VERSION = 4.6.0.1;
				PRODUCT_BUNDLE_IDENTIFIER = com.bytedance.ADUnion;
				PRODUCT_NAME = "$(TARGET_NAME)";
				PROVISIONING_PROFILE_SPECIFIER = ADUnionInHouseDist;
				TARGETED_DEVICE_FAMILY = "1,2";
			};
			name = Release;
		};
/* End XCBuildConfiguration section */

/* Begin XCConfigurationList section */
		78E072A021A2BF41006D71EE /* Build configuration list for PBXProject "BUADVADemo" */ = {
			isa = XCConfigurationList;
			buildConfigurations = (
				78E072B921A2BF44006D71EE /* Debug */,
				78E072BA21A2BF44006D71EE /* Release */,
			);
			defaultConfigurationIsVisible = 0;
			defaultConfigurationName = Release;
		};
		78E072E021A2C03D006D71EE /* Build configuration list for PBXNativeTarget "BUADVADemo" */ = {
			isa = XCConfigurationList;
			buildConfigurations = (
				78E072E121A2C03D006D71EE /* Debug */,
				78E072E221A2C03D006D71EE /* Release */,
			);
			defaultConfigurationIsVisible = 0;
			defaultConfigurationName = Release;
		};
/* End XCConfigurationList section */
	};
	rootObject = 78E0729D21A2BF41006D71EE /* Project object */;
}
