// !$*UTF8*$!
{
	archiveVersion = 1;
	classes = {
	};
	objectVersion = 46;
	objects = {

/* Begin PBXBuildFile section */
		6003F58E195388D20070C39A /* Foundation.framework in Frameworks */ = {isa = PBXBuildFile; fileRef = 6003F58D195388D20070C39A /* Foundation.framework */; };
		6003F590195388D20070C39A /* CoreGraphics.framework in Frameworks */ = {isa = PBXBuildFile; fileRef = 6003F58F195388D20070C39A /* CoreGraphics.framework */; };
		6003F592195388D20070C39A /* UIKit.framework in Frameworks */ = {isa = PBXBuildFile; fileRef = 6003F591195388D20070C39A /* UIKit.framework */; };
		6003F598195388D20070C39A /* InfoPlist.strings in Resources */ = {isa = PBXBuildFile; fileRef = 6003F596195388D20070C39A /* InfoPlist.strings */; };
		6003F59A195388D20070C39A /* main.m in Sources */ = {isa = PBXBuildFile; fileRef = 6003F599195388D20070C39A /* main.m */; };
		6003F59E195388D20070C39A /* BUAAppDelegate.m in Sources */ = {isa = PBXBuildFile; fileRef = 6003F59D195388D20070C39A /* BUAAppDelegate.m */; };
		6003F5A9195388D20070C39A /* Images.xcassets in Resources */ = {isa = PBXBuildFile; fileRef = 6003F5A8195388D20070C39A /* Images.xcassets */; };
		6003F5B0195388D20070C39A /* XCTest.framework in Frameworks */ = {isa = PBXBuildFile; fileRef = 6003F5AF195388D20070C39A /* XCTest.framework */; };
		6003F5B1195388D20070C39A /* Foundation.framework in Frameworks */ = {isa = PBXBuildFile; fileRef = 6003F58D195388D20070C39A /* Foundation.framework */; };
		6003F5B2195388D20070C39A /* UIKit.framework in Frameworks */ = {isa = PBXBuildFile; fileRef = 6003F591195388D20070C39A /* UIKit.framework */; };
		6003F5BA195388D20070C39A /* InfoPlist.strings in Resources */ = {isa = PBXBuildFile; fileRef = 6003F5B8195388D20070C39A /* InfoPlist.strings */; };
		6003F5BC195388D20070C39A /* Tests.m in Sources */ = {isa = PBXBuildFile; fileRef = 6003F5BB195388D20070C39A /* Tests.m */; };
		78FA7BA921198119004D0BEE /* LaunchScreen.storyboard in Resources */ = {isa = PBXBuildFile; fileRef = 78FA7BA721198119004D0BEE /* LaunchScreen.storyboard */; };
		78FA7BAA21198119004D0BEE /* Main.storyboard in Resources */ = {isa = PBXBuildFile; fileRef = 78FA7BA821198119004D0BEE /* Main.storyboard */; };
		78FA7BB3211982DB004D0BEE /* UIImageView+WMNetWorking.m in Sources */ = {isa = PBXBuildFile; fileRef = 78FA7BB2211982DB004D0BEE /* UIImageView+WMNetWorking.m */; };
		78FA7BE421198301004D0BEE /* BUARewardCustomEventAdapterDelegate.m in Sources */ = {isa = PBXBuildFile; fileRef = 78FA7BB621198301004D0BEE /* BUARewardCustomEventAdapterDelegate.m */; };
		78FA7BE521198301004D0BEE /* BUARewardCustomEventAdapter.m in Sources */ = {isa = PBXBuildFile; fileRef = 78FA7BBA21198301004D0BEE /* BUARewardCustomEventAdapter.m */; };
		78FA7BE621198301004D0BEE /* BUARewardVideoCusEventVC.m in Sources */ = {isa = PBXBuildFile; fileRef = 78FA7BBB21198301004D0BEE /* BUARewardVideoCusEventVC.m */; };
		78FA7BE721198301004D0BEE /* BUAFeedViewController.m in Sources */ = {isa = PBXBuildFile; fileRef = 78FA7BBE21198301004D0BEE /* BUAFeedViewController.m */; };
		78FA7BE821198301004D0BEE /* BUAAdManager.m in Sources */ = {isa = PBXBuildFile; fileRef = 78FA7BBF21198301004D0BEE /* BUAAdManager.m */; };
		78FA7BE921198301004D0BEE /* BUASplashViewController.m in Sources */ = {isa = PBXBuildFile; fileRef = 78FA7BC021198301004D0BEE /* BUASplashViewController.m */; };
		78FA7BEA21198301004D0BEE /* BUASettingViewController.m in Sources */ = {isa = PBXBuildFile; fileRef = 78FA7BC121198301004D0BEE /* BUASettingViewController.m */; };
		78FA7BEB21198301004D0BEE /* BUAInterstitialViewController.m in Sources */ = {isa = PBXBuildFile; fileRef = 78FA7BC521198301004D0BEE /* BUAInterstitialViewController.m */; };
		78FA7BEC21198301004D0BEE /* BUANativeViewController.m in Sources */ = {isa = PBXBuildFile; fileRef = 78FA7BC621198301004D0BEE /* BUANativeViewController.m */; };
		78FA7BEE21198301004D0BEE /* BUAExampleDefine.m in Sources */ = {isa = PBXBuildFile; fileRef = 78FA7BCD21198301004D0BEE /* BUAExampleDefine.m */; };
		78FA7BEF21198301004D0BEE /* BUARewardedVideoAdViewController.m in Sources */ = {isa = PBXBuildFile; fileRef = 78FA7BCE21198301004D0BEE /* BUARewardedVideoAdViewController.m */; };
		78FA7BF021198301004D0BEE /* BUAFeedAdTableViewCell.m in Sources */ = {isa = PBXBuildFile; fileRef = 78FA7BD421198301004D0BEE /* BUAFeedAdTableViewCell.m */; };
		78FA7BF121198301004D0BEE /* BUAFeedStyleHelper.m in Sources */ = {isa = PBXBuildFile; fileRef = 78FA7BD521198301004D0BEE /* BUAFeedStyleHelper.m */; };
		78FA7BF221198301004D0BEE /* BUAActionAreaView.m in Sources */ = {isa = PBXBuildFile; fileRef = 78FA7BD621198301004D0BEE /* BUAActionAreaView.m */; };
		78FA7BF421198301004D0BEE /* BUABaseExampleViewController.m in Sources */ = {isa = PBXBuildFile; fileRef = 78FA7BD821198301004D0BEE /* BUABaseExampleViewController.m */; };
		78FA7BF521198301004D0BEE /* BUASlotViewModel.m in Sources */ = {isa = PBXBuildFile; fileRef = 78FA7BD921198301004D0BEE /* BUASlotViewModel.m */; };
		78FA7BF621198301004D0BEE /* BUABannerViewController.m in Sources */ = {isa = PBXBuildFile; fileRef = 78FA7BDA21198301004D0BEE /* BUABannerViewController.m */; };
		78FA7BF721198301004D0BEE /* BUAMainViewController.m in Sources */ = {isa = PBXBuildFile; fileRef = 78FA7BDE21198301004D0BEE /* BUAMainViewController.m */; };
		78FA7BF821198301004D0BEE /* BUAActionCellView.m in Sources */ = {isa = PBXBuildFile; fileRef = 78FA7BE021198301004D0BEE /* BUAActionCellView.m */; };
		78FA7BF921198301004D0BEE /* BUAActionCellDefine.m in Sources */ = {isa = PBXBuildFile; fileRef = 78FA7BE321198301004D0BEE /* BUAActionCellDefine.m */; };
		BB55C7B0A9AA3D7CBFE43BEF /* Pods_Bytedance_UnionAd_Tests.framework in Frameworks */ = {isa = PBXBuildFile; fileRef = DF45BE94903C91F1A9AD55A5 /* Pods_Bytedance_UnionAd_Tests.framework */; };
		D1085CE715048F9B0169CF2F /* Pods_Bytedance_UnionAd_Example.framework in Frameworks */ = {isa = PBXBuildFile; fileRef = A9227DAAFA2C400E71388154 /* Pods_Bytedance_UnionAd_Example.framework */; };
/* End PBXBuildFile section */

/* Begin PBXContainerItemProxy section */
		6003F5B3195388D20070C39A /* PBXContainerItemProxy */ = {
			isa = PBXContainerItemProxy;
			containerPortal = 6003F582195388D10070C39A /* Project object */;
			proxyType = 1;
			remoteGlobalIDString = 6003F589195388D20070C39A;
			remoteInfo = Bytedance_UnionAd;
		};
/* End PBXContainerItemProxy section */

/* Begin PBXFileReference section */
		031ED147713132C84FD37E77 /* Pods-Bytedance_UnionAd_Tests.release.xcconfig */ = {isa = PBXFileReference; includeInIndex = 1; lastKnownFileType = text.xcconfig; name = "Pods-Bytedance_UnionAd_Tests.release.xcconfig"; path = "Pods/Target Support Files/Pods-Bytedance_UnionAd_Tests/Pods-Bytedance_UnionAd_Tests.release.xcconfig"; sourceTree = "<group>"; };
		10208270DF5719AF1CCB69F0 /* Pods-Bytedance_UnionAd_Example.release.xcconfig */ = {isa = PBXFileReference; includeInIndex = 1; lastKnownFileType = text.xcconfig; name = "Pods-Bytedance_UnionAd_Example.release.xcconfig"; path = "Pods/Target Support Files/Pods-Bytedance_UnionAd_Example/Pods-Bytedance_UnionAd_Example.release.xcconfig"; sourceTree = "<group>"; };
		2BE2A91FBE9B3D192E467CA2 /* Bytedance_UnionAd.podspec */ = {isa = PBXFileReference; includeInIndex = 1; lastKnownFileType = text; name = Bytedance_UnionAd.podspec; path = ../Bytedance_UnionAd.podspec; sourceTree = "<group>"; };
		56FEF01849DE531BEFE9DD7C /* LICENSE */ = {isa = PBXFileReference; includeInIndex = 1; lastKnownFileType = text; name = LICENSE; path = ../LICENSE; sourceTree = "<group>"; };
		6003F58A195388D20070C39A /* Bytedance_UnionAd_Example.app */ = {isa = PBXFileReference; explicitFileType = wrapper.application; includeInIndex = 0; path = Bytedance_UnionAd_Example.app; sourceTree = BUILT_PRODUCTS_DIR; };
		6003F58D195388D20070C39A /* Foundation.framework */ = {isa = PBXFileReference; lastKnownFileType = wrapper.framework; name = Foundation.framework; path = System/Library/Frameworks/Foundation.framework; sourceTree = SDKROOT; };
		6003F58F195388D20070C39A /* CoreGraphics.framework */ = {isa = PBXFileReference; lastKnownFileType = wrapper.framework; name = CoreGraphics.framework; path = System/Library/Frameworks/CoreGraphics.framework; sourceTree = SDKROOT; };
		6003F591195388D20070C39A /* UIKit.framework */ = {isa = PBXFileReference; lastKnownFileType = wrapper.framework; name = UIKit.framework; path = System/Library/Frameworks/UIKit.framework; sourceTree = SDKROOT; };
		6003F595195388D20070C39A /* Bytedance_UnionAd-Info.plist */ = {isa = PBXFileReference; lastKnownFileType = text.plist.xml; path = "Bytedance_UnionAd-Info.plist"; sourceTree = "<group>"; };
		6003F597195388D20070C39A /* en */ = {isa = PBXFileReference; lastKnownFileType = text.plist.strings; name = en; path = en.lproj/InfoPlist.strings; sourceTree = "<group>"; };
		6003F599195388D20070C39A /* main.m */ = {isa = PBXFileReference; lastKnownFileType = sourcecode.c.objc; path = main.m; sourceTree = "<group>"; };
		6003F59B195388D20070C39A /* Bytedance_UnionAd-Prefix.pch */ = {isa = PBXFileReference; lastKnownFileType = sourcecode.c.h; path = "Bytedance_UnionAd-Prefix.pch"; sourceTree = "<group>"; };
		6003F59C195388D20070C39A /* BUAAppDelegate.h */ = {isa = PBXFileReference; lastKnownFileType = sourcecode.c.h; path = BUAAppDelegate.h; sourceTree = "<group>"; };
		6003F59D195388D20070C39A /* BUAAppDelegate.m */ = {isa = PBXFileReference; lastKnownFileType = sourcecode.c.objc; path = BUAAppDelegate.m; sourceTree = "<group>"; };
		6003F5A8195388D20070C39A /* Images.xcassets */ = {isa = PBXFileReference; lastKnownFileType = folder.assetcatalog; path = Images.xcassets; sourceTree = "<group>"; };
		6003F5AE195388D20070C39A /* Bytedance_UnionAd_Tests.xctest */ = {isa = PBXFileReference; explicitFileType = wrapper.cfbundle; includeInIndex = 0; path = Bytedance_UnionAd_Tests.xctest; sourceTree = BUILT_PRODUCTS_DIR; };
		6003F5AF195388D20070C39A /* XCTest.framework */ = {isa = PBXFileReference; lastKnownFileType = wrapper.framework; name = XCTest.framework; path = Library/Frameworks/XCTest.framework; sourceTree = DEVELOPER_DIR; };
		6003F5B7195388D20070C39A /* Tests-Info.plist */ = {isa = PBXFileReference; lastKnownFileType = text.plist.xml; path = "Tests-Info.plist"; sourceTree = "<group>"; };
		6003F5B9195388D20070C39A /* en */ = {isa = PBXFileReference; lastKnownFileType = text.plist.strings; name = en; path = en.lproj/InfoPlist.strings; sourceTree = "<group>"; };
		6003F5BB195388D20070C39A /* Tests.m */ = {isa = PBXFileReference; lastKnownFileType = sourcecode.c.objc; path = Tests.m; sourceTree = "<group>"; };
		606FC2411953D9B200FFA9A0 /* Tests-Prefix.pch */ = {isa = PBXFileReference; lastKnownFileType = sourcecode.c.h; path = "Tests-Prefix.pch"; sourceTree = "<group>"; };
		78FA7BA721198119004D0BEE /* LaunchScreen.storyboard */ = {isa = PBXFileReference; fileEncoding = 4; lastKnownFileType = file.storyboard; path = LaunchScreen.storyboard; sourceTree = "<group>"; };
		78FA7BA821198119004D0BEE /* Main.storyboard */ = {isa = PBXFileReference; fileEncoding = 4; lastKnownFileType = file.storyboard; path = Main.storyboard; sourceTree = "<group>"; };
		78FA7BB1211982DB004D0BEE /* UIImageView+WMNetWorking.h */ = {isa = PBXFileReference; fileEncoding = 4; lastKnownFileType = sourcecode.c.h; path = "UIImageView+WMNetWorking.h"; sourceTree = "<group>"; };
		78FA7BB2211982DB004D0BEE /* UIImageView+WMNetWorking.m */ = {isa = PBXFileReference; fileEncoding = 4; lastKnownFileType = sourcecode.c.objc; path = "UIImageView+WMNetWorking.m"; sourceTree = "<group>"; };
		78FA7BB621198301004D0BEE /* BUARewardCustomEventAdapterDelegate.m */ = {isa = PBXFileReference; fileEncoding = 4; lastKnownFileType = sourcecode.c.objc; path = BUARewardCustomEventAdapterDelegate.m; sourceTree = "<group>"; };
		78FA7BB721198301004D0BEE /* BUARewardVideoCusEventVC.h */ = {isa = PBXFileReference; fileEncoding = 4; lastKnownFileType = sourcecode.c.h; path = BUARewardVideoCusEventVC.h; sourceTree = "<group>"; };
		78FA7BB821198301004D0BEE /* BUARewardCustomEventAdapter.h */ = {isa = PBXFileReference; fileEncoding = 4; lastKnownFileType = sourcecode.c.h; path = BUARewardCustomEventAdapter.h; sourceTree = "<group>"; };
		78FA7BB921198301004D0BEE /* BUARewardCustomEventAdapterDelegate.h */ = {isa = PBXFileReference; fileEncoding = 4; lastKnownFileType = sourcecode.c.h; path = BUARewardCustomEventAdapterDelegate.h; sourceTree = "<group>"; };
		78FA7BBA21198301004D0BEE /* BUARewardCustomEventAdapter.m */ = {isa = PBXFileReference; fileEncoding = 4; lastKnownFileType = sourcecode.c.objc; path = BUARewardCustomEventAdapter.m; sourceTree = "<group>"; };
		78FA7BBB21198301004D0BEE /* BUARewardVideoCusEventVC.m */ = {isa = PBXFileReference; fileEncoding = 4; lastKnownFileType = sourcecode.c.objc; path = BUARewardVideoCusEventVC.m; sourceTree = "<group>"; };
		78FA7BBD21198301004D0BEE /* BUAExampleDefine.h */ = {isa = PBXFileReference; fileEncoding = 4; lastKnownFileType = sourcecode.c.h; path = BUAExampleDefine.h; sourceTree = "<group>"; };
		78FA7BBE21198301004D0BEE /* BUAFeedViewController.m */ = {isa = PBXFileReference; fileEncoding = 4; lastKnownFileType = sourcecode.c.objc; path = BUAFeedViewController.m; sourceTree = "<group>"; };
		78FA7BBF21198301004D0BEE /* BUAAdManager.m */ = {isa = PBXFileReference; fileEncoding = 4; lastKnownFileType = sourcecode.c.objc; path = BUAAdManager.m; sourceTree = "<group>"; };
		78FA7BC021198301004D0BEE /* BUASplashViewController.m */ = {isa = PBXFileReference; fileEncoding = 4; lastKnownFileType = sourcecode.c.objc; path = BUASplashViewController.m; sourceTree = "<group>"; };
		78FA7BC121198301004D0BEE /* BUASettingViewController.m */ = {isa = PBXFileReference; fileEncoding = 4; lastKnownFileType = sourcecode.c.objc; path = BUASettingViewController.m; sourceTree = "<group>"; };
		78FA7BC221198301004D0BEE /* BUARewardedVideoAdViewController.h */ = {isa = PBXFileReference; fileEncoding = 4; lastKnownFileType = sourcecode.c.h; path = BUARewardedVideoAdViewController.h; sourceTree = "<group>"; };
		78FA7BC321198301004D0BEE /* BUABaseExampleViewController.h */ = {isa = PBXFileReference; fileEncoding = 4; lastKnownFileType = sourcecode.c.h; path = BUABaseExampleViewController.h; sourceTree = "<group>"; };
		78FA7BC521198301004D0BEE /* BUAInterstitialViewController.m */ = {isa = PBXFileReference; fileEncoding = 4; lastKnownFileType = sourcecode.c.objc; path = BUAInterstitialViewController.m; sourceTree = "<group>"; };
		78FA7BC621198301004D0BEE /* BUANativeViewController.m */ = {isa = PBXFileReference; fileEncoding = 4; lastKnownFileType = sourcecode.c.objc; path = BUANativeViewController.m; sourceTree = "<group>"; };
		78FA7BC721198301004D0BEE /* BUABannerViewController.h */ = {isa = PBXFileReference; fileEncoding = 4; lastKnownFileType = sourcecode.c.h; path = BUABannerViewController.h; sourceTree = "<group>"; };
		78FA7BC821198301004D0BEE /* BUASlotViewModel.h */ = {isa = PBXFileReference; fileEncoding = 4; lastKnownFileType = sourcecode.c.h; path = BUASlotViewModel.h; sourceTree = "<group>"; };
		78FA7BC921198301004D0BEE /* BUASplashViewController.h */ = {isa = PBXFileReference; fileEncoding = 4; lastKnownFileType = sourcecode.c.h; path = BUASplashViewController.h; sourceTree = "<group>"; };
		78FA7BCA21198301004D0BEE /* BUAAdManager.h */ = {isa = PBXFileReference; fileEncoding = 4; lastKnownFileType = sourcecode.c.h; path = BUAAdManager.h; sourceTree = "<group>"; };
		78FA7BCC21198301004D0BEE /* BUAFeedViewController.h */ = {isa = PBXFileReference; fileEncoding = 4; lastKnownFileType = sourcecode.c.h; path = BUAFeedViewController.h; sourceTree = "<group>"; };
		78FA7BCD21198301004D0BEE /* BUAExampleDefine.m */ = {isa = PBXFileReference; fileEncoding = 4; lastKnownFileType = sourcecode.c.objc; path = BUAExampleDefine.m; sourceTree = "<group>"; };
		78FA7BCE21198301004D0BEE /* BUARewardedVideoAdViewController.m */ = {isa = PBXFileReference; fileEncoding = 4; lastKnownFileType = sourcecode.c.objc; path = BUARewardedVideoAdViewController.m; sourceTree = "<group>"; };
		78FA7BCF21198301004D0BEE /* BUASettingViewController.h */ = {isa = PBXFileReference; fileEncoding = 4; lastKnownFileType = sourcecode.c.h; path = BUASettingViewController.h; sourceTree = "<group>"; };
		78FA7BD121198301004D0BEE /* BUAFeedAdTableViewCell.h */ = {isa = PBXFileReference; fileEncoding = 4; lastKnownFileType = sourcecode.c.h; path = BUAFeedAdTableViewCell.h; sourceTree = "<group>"; };
		78FA7BD221198301004D0BEE /* BUAActionAreaView.h */ = {isa = PBXFileReference; fileEncoding = 4; lastKnownFileType = sourcecode.c.h; path = BUAActionAreaView.h; sourceTree = "<group>"; };
		78FA7BD321198301004D0BEE /* BUAFeedStyleHelper.h */ = {isa = PBXFileReference; fileEncoding = 4; lastKnownFileType = sourcecode.c.h; path = BUAFeedStyleHelper.h; sourceTree = "<group>"; };
		78FA7BD421198301004D0BEE /* BUAFeedAdTableViewCell.m */ = {isa = PBXFileReference; fileEncoding = 4; lastKnownFileType = sourcecode.c.objc; path = BUAFeedAdTableViewCell.m; sourceTree = "<group>"; };
		78FA7BD521198301004D0BEE /* BUAFeedStyleHelper.m */ = {isa = PBXFileReference; fileEncoding = 4; lastKnownFileType = sourcecode.c.objc; path = BUAFeedStyleHelper.m; sourceTree = "<group>"; };
		78FA7BD621198301004D0BEE /* BUAActionAreaView.m */ = {isa = PBXFileReference; fileEncoding = 4; lastKnownFileType = sourcecode.c.objc; path = BUAActionAreaView.m; sourceTree = "<group>"; };
		78FA7BD821198301004D0BEE /* BUABaseExampleViewController.m */ = {isa = PBXFileReference; fileEncoding = 4; lastKnownFileType = sourcecode.c.objc; path = BUABaseExampleViewController.m; sourceTree = "<group>"; };
		78FA7BD921198301004D0BEE /* BUASlotViewModel.m */ = {isa = PBXFileReference; fileEncoding = 4; lastKnownFileType = sourcecode.c.objc; path = BUASlotViewModel.m; sourceTree = "<group>"; };
		78FA7BDA21198301004D0BEE /* BUABannerViewController.m */ = {isa = PBXFileReference; fileEncoding = 4; lastKnownFileType = sourcecode.c.objc; path = BUABannerViewController.m; sourceTree = "<group>"; };
		78FA7BDB21198301004D0BEE /* BUANativeViewController.h */ = {isa = PBXFileReference; fileEncoding = 4; lastKnownFileType = sourcecode.c.h; path = BUANativeViewController.h; sourceTree = "<group>"; };
		78FA7BDC21198301004D0BEE /* BUAInterstitialViewController.h */ = {isa = PBXFileReference; fileEncoding = 4; lastKnownFileType = sourcecode.c.h; path = BUAInterstitialViewController.h; sourceTree = "<group>"; };
		78FA7BDE21198301004D0BEE /* BUAMainViewController.m */ = {isa = PBXFileReference; fileEncoding = 4; lastKnownFileType = sourcecode.c.objc; path = BUAMainViewController.m; sourceTree = "<group>"; };
		78FA7BDF21198301004D0BEE /* BUAActionCellDefine.h */ = {isa = PBXFileReference; fileEncoding = 4; lastKnownFileType = sourcecode.c.h; path = BUAActionCellDefine.h; sourceTree = "<group>"; };
		78FA7BE021198301004D0BEE /* BUAActionCellView.m */ = {isa = PBXFileReference; fileEncoding = 4; lastKnownFileType = sourcecode.c.objc; path = BUAActionCellView.m; sourceTree = "<group>"; };
		78FA7BE121198301004D0BEE /* BUAMainViewController.h */ = {isa = PBXFileReference; fileEncoding = 4; lastKnownFileType = sourcecode.c.h; path = BUAMainViewController.h; sourceTree = "<group>"; };
		78FA7BE221198301004D0BEE /* BUAActionCellView.h */ = {isa = PBXFileReference; fileEncoding = 4; lastKnownFileType = sourcecode.c.h; path = BUAActionCellView.h; sourceTree = "<group>"; };
		78FA7BE321198301004D0BEE /* BUAActionCellDefine.m */ = {isa = PBXFileReference; fileEncoding = 4; lastKnownFileType = sourcecode.c.objc; path = BUAActionCellDefine.m; sourceTree = "<group>"; };
		8D5D622466EB9F6616101677 /* Pods-Bytedance_UnionAd_Tests.debug.xcconfig */ = {isa = PBXFileReference; includeInIndex = 1; lastKnownFileType = text.xcconfig; name = "Pods-Bytedance_UnionAd_Tests.debug.xcconfig"; path = "Pods/Target Support Files/Pods-Bytedance_UnionAd_Tests/Pods-Bytedance_UnionAd_Tests.debug.xcconfig"; sourceTree = "<group>"; };
		A593DEF2F32F46FF30C81E70 /* README.md */ = {isa = PBXFileReference; includeInIndex = 1; lastKnownFileType = net.daringfireball.markdown; name = README.md; path = ../README.md; sourceTree = "<group>"; };
		A9227DAAFA2C400E71388154 /* Pods_Bytedance_UnionAd_Example.framework */ = {isa = PBXFileReference; explicitFileType = wrapper.framework; includeInIndex = 0; path = Pods_Bytedance_UnionAd_Example.framework; sourceTree = BUILT_PRODUCTS_DIR; };
		DF45BE94903C91F1A9AD55A5 /* Pods_Bytedance_UnionAd_Tests.framework */ = {isa = PBXFileReference; explicitFileType = wrapper.framework; includeInIndex = 0; path = Pods_Bytedance_UnionAd_Tests.framework; sourceTree = BUILT_PRODUCTS_DIR; };
		FC826A712E986939C44C0BE1 /* Pods-Bytedance_UnionAd_Example.debug.xcconfig */ = {isa = PBXFileReference; includeInIndex = 1; lastKnownFileType = text.xcconfig; name = "Pods-Bytedance_UnionAd_Example.debug.xcconfig"; path = "Pods/Target Support Files/Pods-Bytedance_UnionAd_Example/Pods-Bytedance_UnionAd_Example.debug.xcconfig"; sourceTree = "<group>"; };
/* End PBXFileReference section */

/* Begin PBXFrameworksBuildPhase section */
		6003F587195388D20070C39A /* Frameworks */ = {
			isa = PBXFrameworksBuildPhase;
			buildActionMask = 2147483647;
			files = (
				6003F590195388D20070C39A /* CoreGraphics.framework in Frameworks */,
				6003F592195388D20070C39A /* UIKit.framework in Frameworks */,
				6003F58E195388D20070C39A /* Foundation.framework in Frameworks */,
				D1085CE715048F9B0169CF2F /* Pods_Bytedance_UnionAd_Example.framework in Frameworks */,
			);
			runOnlyForDeploymentPostprocessing = 0;
		};
		6003F5AB195388D20070C39A /* Frameworks */ = {
			isa = PBXFrameworksBuildPhase;
			buildActionMask = 2147483647;
			files = (
				6003F5B0195388D20070C39A /* XCTest.framework in Frameworks */,
				6003F5B2195388D20070C39A /* UIKit.framework in Frameworks */,
				6003F5B1195388D20070C39A /* Foundation.framework in Frameworks */,
				BB55C7B0A9AA3D7CBFE43BEF /* Pods_Bytedance_UnionAd_Tests.framework in Frameworks */,
			);
			runOnlyForDeploymentPostprocessing = 0;
		};
/* End PBXFrameworksBuildPhase section */

/* Begin PBXGroup section */
		6003F581195388D10070C39A = {
			isa = PBXGroup;
			children = (
				60FF7A9C1954A5C5007DD14C /* Podspec Metadata */,
				6003F593195388D20070C39A /* Example for Bytedance_UnionAd */,
				6003F5B5195388D20070C39A /* Tests */,
				6003F58C195388D20070C39A /* Frameworks */,
				6003F58B195388D20070C39A /* Products */,
				8A8E4B87BF4EC3FF10841B64 /* Pods */,
			);
			sourceTree = "<group>";
		};
		6003F58B195388D20070C39A /* Products */ = {
			isa = PBXGroup;
			children = (
				6003F58A195388D20070C39A /* Bytedance_UnionAd_Example.app */,
				6003F5AE195388D20070C39A /* Bytedance_UnionAd_Tests.xctest */,
			);
			name = Products;
			sourceTree = "<group>";
		};
		6003F58C195388D20070C39A /* Frameworks */ = {
			isa = PBXGroup;
			children = (
				6003F58D195388D20070C39A /* Foundation.framework */,
				6003F58F195388D20070C39A /* CoreGraphics.framework */,
				6003F591195388D20070C39A /* UIKit.framework */,
				6003F5AF195388D20070C39A /* XCTest.framework */,
				A9227DAAFA2C400E71388154 /* Pods_Bytedance_UnionAd_Example.framework */,
				DF45BE94903C91F1A9AD55A5 /* Pods_Bytedance_UnionAd_Tests.framework */,
			);
			name = Frameworks;
			sourceTree = "<group>";
		};
		6003F593195388D20070C39A /* Example for Bytedance_UnionAd */ = {
			isa = PBXGroup;
			children = (
				78FA7BB4211982F5004D0BEE /* APP */,
				78FA7BB0211982DB004D0BEE /* Util */,
				6003F59C195388D20070C39A /* BUAAppDelegate.h */,
				6003F59D195388D20070C39A /* BUAAppDelegate.m */,
				6003F5A8195388D20070C39A /* Images.xcassets */,
				6003F594195388D20070C39A /* Supporting Files */,
			);
			name = "Example for Bytedance_UnionAd";
			path = Bytedance_UnionAd;
			sourceTree = "<group>";
		};
		6003F594195388D20070C39A /* Supporting Files */ = {
			isa = PBXGroup;
			children = (
				78FA7BA721198119004D0BEE /* LaunchScreen.storyboard */,
				78FA7BA821198119004D0BEE /* Main.storyboard */,
				6003F595195388D20070C39A /* Bytedance_UnionAd-Info.plist */,
				6003F596195388D20070C39A /* InfoPlist.strings */,
				6003F599195388D20070C39A /* main.m */,
				6003F59B195388D20070C39A /* Bytedance_UnionAd-Prefix.pch */,
			);
			name = "Supporting Files";
			sourceTree = "<group>";
		};
		6003F5B5195388D20070C39A /* Tests */ = {
			isa = PBXGroup;
			children = (
				6003F5BB195388D20070C39A /* Tests.m */,
				6003F5B6195388D20070C39A /* Supporting Files */,
			);
			path = Tests;
			sourceTree = "<group>";
		};
		6003F5B6195388D20070C39A /* Supporting Files */ = {
			isa = PBXGroup;
			children = (
				6003F5B7195388D20070C39A /* Tests-Info.plist */,
				6003F5B8195388D20070C39A /* InfoPlist.strings */,
				606FC2411953D9B200FFA9A0 /* Tests-Prefix.pch */,
			);
			name = "Supporting Files";
			sourceTree = "<group>";
		};
		60FF7A9C1954A5C5007DD14C /* Podspec Metadata */ = {
			isa = PBXGroup;
			children = (
				2BE2A91FBE9B3D192E467CA2 /* Bytedance_UnionAd.podspec */,
				A593DEF2F32F46FF30C81E70 /* README.md */,
				56FEF01849DE531BEFE9DD7C /* LICENSE */,
			);
			name = "Podspec Metadata";
			sourceTree = "<group>";
		};
		78FA7BB0211982DB004D0BEE /* Util */ = {
			isa = PBXGroup;
			children = (
				78FA7BB1211982DB004D0BEE /* UIImageView+WMNetWorking.h */,
				78FA7BB2211982DB004D0BEE /* UIImageView+WMNetWorking.m */,
			);
			path = Util;
			sourceTree = "<group>";
		};
		78FA7BB4211982F5004D0BEE /* APP */ = {
			isa = PBXGroup;
			children = (
				78FA7BBC21198301004D0BEE /* Example */,
				78FA7BDD21198301004D0BEE /* Menu */,
				78FA7BB521198301004D0BEE /* RewardVideoCustomEventAdapter */,
			);
			path = APP;
			sourceTree = "<group>";
		};
		78FA7BB521198301004D0BEE /* RewardVideoCustomEventAdapter */ = {
			isa = PBXGroup;
			children = (
				78FA7BB821198301004D0BEE /* BUARewardCustomEventAdapter.h */,
				78FA7BBA21198301004D0BEE /* BUARewardCustomEventAdapter.m */,
				78FA7BB921198301004D0BEE /* BUARewardCustomEventAdapterDelegate.h */,
				78FA7BB621198301004D0BEE /* BUARewardCustomEventAdapterDelegate.m */,
				78FA7BB721198301004D0BEE /* BUARewardVideoCusEventVC.h */,
				78FA7BBB21198301004D0BEE /* BUARewardVideoCusEventVC.m */,
			);
			path = RewardVideoCustomEventAdapter;
			sourceTree = "<group>";
		};
		78FA7BBC21198301004D0BEE /* Example */ = {
			isa = PBXGroup;
			children = (
				78FA7BD021198301004D0BEE /* View */,
				78FA7BBD21198301004D0BEE /* BUAExampleDefine.h */,
				78FA7BCD21198301004D0BEE /* BUAExampleDefine.m */,
				78FA7BC321198301004D0BEE /* BUABaseExampleViewController.h */,
				78FA7BD821198301004D0BEE /* BUABaseExampleViewController.m */,
				78FA7BCA21198301004D0BEE /* BUAAdManager.h */,
				78FA7BBF21198301004D0BEE /* BUAAdManager.m */,
				78FA7BCC21198301004D0BEE /* BUAFeedViewController.h */,
				78FA7BBE21198301004D0BEE /* BUAFeedViewController.m */,
				78FA7BC921198301004D0BEE /* BUASplashViewController.h */,
				78FA7BC021198301004D0BEE /* BUASplashViewController.m */,
				78FA7BCF21198301004D0BEE /* BUASettingViewController.h */,
				78FA7BC121198301004D0BEE /* BUASettingViewController.m */,
				78FA7BC221198301004D0BEE /* BUARewardedVideoAdViewController.h */,
				78FA7BCE21198301004D0BEE /* BUARewardedVideoAdViewController.m */,
				78FA7BDC21198301004D0BEE /* BUAInterstitialViewController.h */,
				78FA7BC521198301004D0BEE /* BUAInterstitialViewController.m */,
				78FA7BDB21198301004D0BEE /* BUANativeViewController.h */,
				78FA7BC621198301004D0BEE /* BUANativeViewController.m */,
				78FA7BC721198301004D0BEE /* BUABannerViewController.h */,
				78FA7BDA21198301004D0BEE /* BUABannerViewController.m */,
				78FA7BC821198301004D0BEE /* BUASlotViewModel.h */,
				78FA7BD921198301004D0BEE /* BUASlotViewModel.m */,
			);
			path = Example;
			sourceTree = "<group>";
		};
		78FA7BD021198301004D0BEE /* View */ = {
			isa = PBXGroup;
			children = (
				78FA7BD121198301004D0BEE /* BUAFeedAdTableViewCell.h */,
				78FA7BD421198301004D0BEE /* BUAFeedAdTableViewCell.m */,
				78FA7BD221198301004D0BEE /* BUAActionAreaView.h */,
				78FA7BD621198301004D0BEE /* BUAActionAreaView.m */,
				78FA7BD321198301004D0BEE /* BUAFeedStyleHelper.h */,
				78FA7BD521198301004D0BEE /* BUAFeedStyleHelper.m */,
			);
			path = View;
			sourceTree = "<group>";
		};
		78FA7BDD21198301004D0BEE /* Menu */ = {
			isa = PBXGroup;
			children = (
				78FA7BDF21198301004D0BEE /* BUAActionCellDefine.h */,
				78FA7BE321198301004D0BEE /* BUAActionCellDefine.m */,
				78FA7BE221198301004D0BEE /* BUAActionCellView.h */,
				78FA7BE021198301004D0BEE /* BUAActionCellView.m */,
				78FA7BE121198301004D0BEE /* BUAMainViewController.h */,
				78FA7BDE21198301004D0BEE /* BUAMainViewController.m */,
			);
			path = Menu;
			sourceTree = "<group>";
		};
		8A8E4B87BF4EC3FF10841B64 /* Pods */ = {
			isa = PBXGroup;
			children = (
				FC826A712E986939C44C0BE1 /* Pods-Bytedance_UnionAd_Example.debug.xcconfig */,
				10208270DF5719AF1CCB69F0 /* Pods-Bytedance_UnionAd_Example.release.xcconfig */,
				8D5D622466EB9F6616101677 /* Pods-Bytedance_UnionAd_Tests.debug.xcconfig */,
				031ED147713132C84FD37E77 /* Pods-Bytedance_UnionAd_Tests.release.xcconfig */,
			);
			name = Pods;
			sourceTree = "<group>";
		};
/* End PBXGroup section */

/* Begin PBXNativeTarget section */
		6003F589195388D20070C39A /* Bytedance_UnionAd_Example */ = {
			isa = PBXNativeTarget;
			buildConfigurationList = 6003F5BF195388D20070C39A /* Build configuration list for PBXNativeTarget "Bytedance_UnionAd_Example" */;
			buildPhases = (
				CCE15A52C6DC3D1AE67FCF0E /* [CP] Check Pods Manifest.lock */,
				6003F586195388D20070C39A /* Sources */,
				6003F587195388D20070C39A /* Frameworks */,
				6003F588195388D20070C39A /* Resources */,
				169216DFC43D90B7124E3262 /* [CP] Embed Pods Frameworks */,
			);
			buildRules = (
			);
			dependencies = (
			);
			name = Bytedance_UnionAd_Example;
			productName = Bytedance_UnionAd;
			productReference = 6003F58A195388D20070C39A /* Bytedance_UnionAd_Example.app */;
			productType = "com.apple.product-type.application";
		};
		6003F5AD195388D20070C39A /* Bytedance_UnionAd_Tests */ = {
			isa = PBXNativeTarget;
			buildConfigurationList = 6003F5C2195388D20070C39A /* Build configuration list for PBXNativeTarget "Bytedance_UnionAd_Tests" */;
			buildPhases = (
				20EDC04C7B289D1E23EB72BD /* [CP] Check Pods Manifest.lock */,
				6003F5AA195388D20070C39A /* Sources */,
				6003F5AB195388D20070C39A /* Frameworks */,
				6003F5AC195388D20070C39A /* Resources */,
			);
			buildRules = (
			);
			dependencies = (
				6003F5B4195388D20070C39A /* PBXTargetDependency */,
			);
			name = Bytedance_UnionAd_Tests;
			productName = Bytedance_UnionAdTests;
			productReference = 6003F5AE195388D20070C39A /* Bytedance_UnionAd_Tests.xctest */;
			productType = "com.apple.product-type.bundle.unit-test";
		};
/* End PBXNativeTarget section */

/* Begin PBXProject section */
		6003F582195388D10070C39A /* Project object */ = {
			isa = PBXProject;
			attributes = {
				CLASSPREFIX = BUA;
				LastUpgradeCheck = 0720;
				ORGANIZATIONNAME = yh980237697;
				TargetAttributes = {
					6003F5AD195388D20070C39A = {
						TestTargetID = 6003F589195388D20070C39A;
					};
				};
			};
			buildConfigurationList = 6003F585195388D10070C39A /* Build configuration list for PBXProject "Bytedance_UnionAd" */;
			compatibilityVersion = "Xcode 3.2";
			developmentRegion = English;
			hasScannedForEncodings = 0;
			knownRegions = (
				en,
				Base,
			);
			mainGroup = 6003F581195388D10070C39A;
			productRefGroup = 6003F58B195388D20070C39A /* Products */;
			projectDirPath = "";
			projectRoot = "";
			targets = (
				6003F589195388D20070C39A /* Bytedance_UnionAd_Example */,
				6003F5AD195388D20070C39A /* Bytedance_UnionAd_Tests */,
			);
		};
/* End PBXProject section */

/* Begin PBXResourcesBuildPhase section */
		6003F588195388D20070C39A /* Resources */ = {
			isa = PBXResourcesBuildPhase;
			buildActionMask = 2147483647;
			files = (
				78FA7BA921198119004D0BEE /* LaunchScreen.storyboard in Resources */,
				6003F5A9195388D20070C39A /* Images.xcassets in Resources */,
				6003F598195388D20070C39A /* InfoPlist.strings in Resources */,
				78FA7BAA21198119004D0BEE /* Main.storyboard in Resources */,
			);
			runOnlyForDeploymentPostprocessing = 0;
		};
		6003F5AC195388D20070C39A /* Resources */ = {
			isa = PBXResourcesBuildPhase;
			buildActionMask = 2147483647;
			files = (
				6003F5BA195388D20070C39A /* InfoPlist.strings in Resources */,
			);
			runOnlyForDeploymentPostprocessing = 0;
		};
/* End PBXResourcesBuildPhase section */

/* Begin PBXShellScriptBuildPhase section */
		169216DFC43D90B7124E3262 /* [CP] Embed Pods Frameworks */ = {
			isa = PBXShellScriptBuildPhase;
			buildActionMask = 2147483647;
			files = (
			);
			inputPaths = (
				"${SRCROOT}/Pods/Target Support Files/Pods-Bytedance_UnionAd_Example/Pods-Bytedance_UnionAd_Example-frameworks.sh",
				"${BUILT_PRODUCTS_DIR}/Bytedance_UnionAd/Bytedance_UnionAd.framework",
			);
			name = "[CP] Embed Pods Frameworks";
			outputPaths = (
				"${TARGET_BUILD_DIR}/${FRAMEWORKS_FOLDER_PATH}/Bytedance_UnionAd.framework",
			);
			runOnlyForDeploymentPostprocessing = 0;
			shellPath = /bin/sh;
			shellScript = "\"${SRCROOT}/Pods/Target Support Files/Pods-Bytedance_UnionAd_Example/Pods-Bytedance_UnionAd_Example-frameworks.sh\"\n";
			showEnvVarsInLog = 0;
		};
		20EDC04C7B289D1E23EB72BD /* [CP] Check Pods Manifest.lock */ = {
			isa = PBXShellScriptBuildPhase;
			buildActionMask = 2147483647;
			files = (
			);
			inputPaths = (
				"${PODS_PODFILE_DIR_PATH}/Podfile.lock",
				"${PODS_ROOT}/Manifest.lock",
			);
			name = "[CP] Check Pods Manifest.lock";
			outputPaths = (
				"$(DERIVED_FILE_DIR)/Pods-Bytedance_UnionAd_Tests-checkManifestLockResult.txt",
			);
			runOnlyForDeploymentPostprocessing = 0;
			shellPath = /bin/sh;
			shellScript = "diff \"${PODS_PODFILE_DIR_PATH}/Podfile.lock\" \"${PODS_ROOT}/Manifest.lock\" > /dev/null\nif [ $? != 0 ] ; then\n    # print error to STDERR\n    echo \"error: The sandbox is not in sync with the Podfile.lock. Run 'pod install' or update your CocoaPods installation.\" >&2\n    exit 1\nfi\n# This output is used by Xcode 'outputs' to avoid re-running this script phase.\necho \"SUCCESS\" > \"${SCRIPT_OUTPUT_FILE_0}\"\n";
			showEnvVarsInLog = 0;
		};
		CCE15A52C6DC3D1AE67FCF0E /* [CP] Check Pods Manifest.lock */ = {
			isa = PBXShellScriptBuildPhase;
			buildActionMask = 2147483647;
			files = (
			);
			inputPaths = (
				"${PODS_PODFILE_DIR_PATH}/Podfile.lock",
				"${PODS_ROOT}/Manifest.lock",
			);
			name = "[CP] Check Pods Manifest.lock";
			outputPaths = (
				"$(DERIVED_FILE_DIR)/Pods-Bytedance_UnionAd_Example-checkManifestLockResult.txt",
			);
			runOnlyForDeploymentPostprocessing = 0;
			shellPath = /bin/sh;
			shellScript = "diff \"${PODS_PODFILE_DIR_PATH}/Podfile.lock\" \"${PODS_ROOT}/Manifest.lock\" > /dev/null\nif [ $? != 0 ] ; then\n    # print error to STDERR\n    echo \"error: The sandbox is not in sync with the Podfile.lock. Run 'pod install' or update your CocoaPods installation.\" >&2\n    exit 1\nfi\n# This output is used by Xcode 'outputs' to avoid re-running this script phase.\necho \"SUCCESS\" > \"${SCRIPT_OUTPUT_FILE_0}\"\n";
			showEnvVarsInLog = 0;
		};
/* End PBXShellScriptBuildPhase section */

/* Begin PBXSourcesBuildPhase section */
		6003F586195388D20070C39A /* Sources */ = {
			isa = PBXSourcesBuildPhase;
			buildActionMask = 2147483647;
			files = (
				78FA7BF421198301004D0BEE /* BUABaseExampleViewController.m in Sources */,
				78FA7BE521198301004D0BEE /* BUARewardCustomEventAdapter.m in Sources */,
				78FA7BE821198301004D0BEE /* BUAAdManager.m in Sources */,
				78FA7BF521198301004D0BEE /* BUASlotViewModel.m in Sources */,
				78FA7BEC21198301004D0BEE /* BUANativeViewController.m in Sources */,
				78FA7BF221198301004D0BEE /* BUAActionAreaView.m in Sources */,
				78FA7BE921198301004D0BEE /* BUASplashViewController.m in Sources */,
				78FA7BEF21198301004D0BEE /* BUARewardedVideoAdViewController.m in Sources */,
				6003F59E195388D20070C39A /* BUAAppDelegate.m in Sources */,
				78FA7BF921198301004D0BEE /* BUAActionCellDefine.m in Sources */,
				78FA7BF021198301004D0BEE /* BUAFeedAdTableViewCell.m in Sources */,
				78FA7BEB21198301004D0BEE /* BUAInterstitialViewController.m in Sources */,
				78FA7BE721198301004D0BEE /* BUAFeedViewController.m in Sources */,
				78FA7BEE21198301004D0BEE /* BUAExampleDefine.m in Sources */,
				78FA7BB3211982DB004D0BEE /* UIImageView+WMNetWorking.m in Sources */,
				78FA7BEA21198301004D0BEE /* BUASettingViewController.m in Sources */,
				78FA7BF121198301004D0BEE /* BUAFeedStyleHelper.m in Sources */,
				78FA7BE621198301004D0BEE /* BUARewardVideoCusEventVC.m in Sources */,
				78FA7BE421198301004D0BEE /* BUARewardCustomEventAdapterDelegate.m in Sources */,
				78FA7BF621198301004D0BEE /* BUABannerViewController.m in Sources */,
				78FA7BF821198301004D0BEE /* BUAActionCellView.m in Sources */,
				78FA7BF721198301004D0BEE /* BUAMainViewController.m in Sources */,
				6003F59A195388D20070C39A /* main.m in Sources */,
			);
			runOnlyForDeploymentPostprocessing = 0;
		};
		6003F5AA195388D20070C39A /* Sources */ = {
			isa = PBXSourcesBuildPhase;
			buildActionMask = 2147483647;
			files = (
				6003F5BC195388D20070C39A /* Tests.m in Sources */,
			);
			runOnlyForDeploymentPostprocessing = 0;
		};
/* End PBXSourcesBuildPhase section */

/* Begin PBXTargetDependency section */
		6003F5B4195388D20070C39A /* PBXTargetDependency */ = {
			isa = PBXTargetDependency;
			target = 6003F589195388D20070C39A /* Bytedance_UnionAd_Example */;
			targetProxy = 6003F5B3195388D20070C39A /* PBXContainerItemProxy */;
		};
/* End PBXTargetDependency section */

/* Begin PBXVariantGroup section */
		6003F596195388D20070C39A /* InfoPlist.strings */ = {
			isa = PBXVariantGroup;
			children = (
				6003F597195388D20070C39A /* en */,
			);
			name = InfoPlist.strings;
			sourceTree = "<group>";
		};
		6003F5B8195388D20070C39A /* InfoPlist.strings */ = {
			isa = PBXVariantGroup;
			children = (
				6003F5B9195388D20070C39A /* en */,
			);
			name = InfoPlist.strings;
			sourceTree = "<group>";
		};
/* End PBXVariantGroup section */

/* Begin XCBuildConfiguration section */
		6003F5BD195388D20070C39A /* Debug */ = {
			isa = XCBuildConfiguration;
			buildSettings = {
				ALWAYS_SEARCH_USER_PATHS = NO;
				CLANG_CXX_LANGUAGE_STANDARD = "gnu++0x";
				CLANG_CXX_LIBRARY = "libc++";
				CLANG_ENABLE_MODULES = YES;
				CLANG_ENABLE_OBJC_ARC = YES;
				CLANG_WARN_BOOL_CONVERSION = YES;
				CLANG_WARN_CONSTANT_CONVERSION = YES;
				CLANG_WARN_DIRECT_OBJC_ISA_USAGE = YES_ERROR;
				CLANG_WARN_EMPTY_BODY = YES;
				CLANG_WARN_ENUM_CONVERSION = YES;
				CLANG_WARN_INT_CONVERSION = YES;
				CLANG_WARN_OBJC_ROOT_CLASS = YES_ERROR;
				CLANG_WARN__DUPLICATE_METHOD_MATCH = YES;
				"CODE_SIGN_IDENTITY[sdk=iphoneos*]" = "iPhone Developer";
				COPY_PHASE_STRIP = NO;
				ENABLE_TESTABILITY = YES;
				GCC_C_LANGUAGE_STANDARD = gnu99;
				GCC_DYNAMIC_NO_PIC = NO;
				GCC_OPTIMIZATION_LEVEL = 0;
				GCC_PREPROCESSOR_DEFINITIONS = (
					"DEBUG=1",
					"$(inherited)",
				);
				GCC_SYMBOLS_PRIVATE_EXTERN = NO;
				GCC_WARN_64_TO_32_BIT_CONVERSION = YES;
				GCC_WARN_ABOUT_RETURN_TYPE = YES_ERROR;
				GCC_WARN_UNDECLARED_SELECTOR = YES;
				GCC_WARN_UNINITIALIZED_AUTOS = YES_AGGRESSIVE;
				GCC_WARN_UNUSED_FUNCTION = YES;
				GCC_WARN_UNUSED_VARIABLE = YES;
				IPHONEOS_DEPLOYMENT_TARGET = 9.3;
				ONLY_ACTIVE_ARCH = YES;
				SDKROOT = iphoneos;
				TARGETED_DEVICE_FAMILY = "1,2";
			};
			name = Debug;
		};
		6003F5BE195388D20070C39A /* Release */ = {
			isa = XCBuildConfiguration;
			buildSettings = {
				ALWAYS_SEARCH_USER_PATHS = NO;
				CLANG_CXX_LANGUAGE_STANDARD = "gnu++0x";
				CLANG_CXX_LIBRARY = "libc++";
				CLANG_ENABLE_MODULES = YES;
				CLANG_ENABLE_OBJC_ARC = YES;
				CLANG_WARN_BOOL_CONVERSION = YES;
				CLANG_WARN_CONSTANT_CONVERSION = YES;
				CLANG_WARN_DIRECT_OBJC_ISA_USAGE = YES_ERROR;
				CLANG_WARN_EMPTY_BODY = YES;
				CLANG_WARN_ENUM_CONVERSION = YES;
				CLANG_WARN_INT_CONVERSION = YES;
				CLANG_WARN_OBJC_ROOT_CLASS = YES_ERROR;
				CLANG_WARN__DUPLICATE_METHOD_MATCH = YES;
				"CODE_SIGN_IDENTITY[sdk=iphoneos*]" = "iPhone Developer";
				COPY_PHASE_STRIP = YES;
				ENABLE_NS_ASSERTIONS = NO;
				GCC_C_LANGUAGE_STANDARD = gnu99;
				GCC_WARN_64_TO_32_BIT_CONVERSION = YES;
				GCC_WARN_ABOUT_RETURN_TYPE = YES_ERROR;
				GCC_WARN_UNDECLARED_SELECTOR = YES;
				GCC_WARN_UNINITIALIZED_AUTOS = YES_AGGRESSIVE;
				GCC_WARN_UNUSED_FUNCTION = YES;
				GCC_WARN_UNUSED_VARIABLE = YES;
				IPHONEOS_DEPLOYMENT_TARGET = 9.3;
				SDKROOT = iphoneos;
				TARGETED_DEVICE_FAMILY = "1,2";
				VALIDATE_PRODUCT = YES;
			};
			name = Release;
		};
		6003F5C0195388D20070C39A /* Debug */ = {
			isa = XCBuildConfiguration;
			baseConfigurationReference = FC826A712E986939C44C0BE1 /* Pods-Bytedance_UnionAd_Example.debug.xcconfig */;
			buildSettings = {
				ASSETCATALOG_COMPILER_APPICON_NAME = AppIcon;
				FRAMEWORK_SEARCH_PATHS = (
					"$(inherited)",
					"\"${PODS_CONFIGURATION_BUILD_DIR}/Bytedance_UnionAd\"",
					"\"${PODS_ROOT}/Google-Mobile-Ads-SDK/Frameworks/frameworks\"",
					"\"$(PROJECT_DIR)/../Bytedance_UnionAd/\"/**",
				);
				GCC_PRECOMPILE_PREFIX_HEADER = YES;
				GCC_PREFIX_HEADER = "Bytedance_UnionAd/Bytedance_UnionAd-Prefix.pch";
				INFOPLIST_FILE = "Bytedance_UnionAd/Bytedance_UnionAd-Info.plist";
				MODULE_NAME = ExampleApp;
				PRODUCT_BUNDLE_IDENTIFIER = "org.cocoapods.demo.${PRODUCT_NAME:rfc1034identifier}";
				PRODUCT_NAME = "$(TARGET_NAME)";
				WRAPPER_EXTENSION = app;
			};
			name = Debug;
		};
		6003F5C1195388D20070C39A /* Release */ = {
			isa = XCBuildConfiguration;
			baseConfigurationReference = 10208270DF5719AF1CCB69F0 /* Pods-Bytedance_UnionAd_Example.release.xcconfig */;
			buildSettings = {
				ASSETCATALOG_COMPILER_APPICON_NAME = AppIcon;
				FRAMEWORK_SEARCH_PATHS = (
					"$(inherited)",
					"\"${PODS_CONFIGURATION_BUILD_DIR}/Bytedance_UnionAd\"",
					"\"${PODS_ROOT}/Google-Mobile-Ads-SDK/Frameworks/frameworks\"",
					"\"$(PROJECT_DIR)/../Bytedance_UnionAd/\"/**",
				);
				GCC_PRECOMPILE_PREFIX_HEADER = YES;
				GCC_PREFIX_HEADER = "Bytedance_UnionAd/Bytedance_UnionAd-Prefix.pch";
				INFOPLIST_FILE = "Bytedance_UnionAd/Bytedance_UnionAd-Info.plist";
				MODULE_NAME = ExampleApp;
				PRODUCT_BUNDLE_IDENTIFIER = "org.cocoapods.demo.${PRODUCT_NAME:rfc1034identifier}";
				PRODUCT_NAME = "$(TARGET_NAME)";
				WRAPPER_EXTENSION = app;
			};
			name = Release;
		};
		6003F5C3195388D20070C39A /* Debug */ = {
			isa = XCBuildConfiguration;
			baseConfigurationReference = 8D5D622466EB9F6616101677 /* Pods-Bytedance_UnionAd_Tests.debug.xcconfig */;
			buildSettings = {
				BUNDLE_LOADER = "$(TEST_HOST)";
				FRAMEWORK_SEARCH_PATHS = (
					"$(SDKROOT)/Developer/Library/Frameworks",
					"$(inherited)",
					"$(DEVELOPER_FRAMEWORKS_DIR)",
				);
				GCC_PRECOMPILE_PREFIX_HEADER = YES;
				GCC_PREFIX_HEADER = "Tests/Tests-Prefix.pch";
				GCC_PREPROCESSOR_DEFINITIONS = (
					"DEBUG=1",
					"$(inherited)",
				);
				INFOPLIST_FILE = "Tests/Tests-Info.plist";
				PRODUCT_BUNDLE_IDENTIFIER = "org.cocoapods.demo.${PRODUCT_NAME:rfc1034identifier}";
				PRODUCT_NAME = "$(TARGET_NAME)";
				TEST_HOST = "$(BUILT_PRODUCTS_DIR)/Bytedance_UnionAd_Example.app/Bytedance_UnionAd_Example";
				WRAPPER_EXTENSION = xctest;
			};
			name = Debug;
		};
		6003F5C4195388D20070C39A /* Release */ = {
			isa = XCBuildConfiguration;
			baseConfigurationReference = 031ED147713132C84FD37E77 /* Pods-Bytedance_UnionAd_Tests.release.xcconfig */;
			buildSettings = {
				BUNDLE_LOADER = "$(TEST_HOST)";
				FRAMEWORK_SEARCH_PATHS = (
					"$(SDKROOT)/Developer/Library/Frameworks",
					"$(inherited)",
					"$(DEVELOPER_FRAMEWORKS_DIR)",
				);
				GCC_PRECOMPILE_PREFIX_HEADER = YES;
				GCC_PREFIX_HEADER = "Tests/Tests-Prefix.pch";
				INFOPLIST_FILE = "Tests/Tests-Info.plist";
				PRODUCT_BUNDLE_IDENTIFIER = "org.cocoapods.demo.${PRODUCT_NAME:rfc1034identifier}";
				PRODUCT_NAME = "$(TARGET_NAME)";
				TEST_HOST = "$(BUILT_PRODUCTS_DIR)/Bytedance_UnionAd_Example.app/Bytedance_UnionAd_Example";
				WRAPPER_EXTENSION = xctest;
			};
			name = Release;
		};
/* End XCBuildConfiguration section */

/* Begin XCConfigurationList section */
		6003F585195388D10070C39A /* Build configuration list for PBXProject "Bytedance_UnionAd" */ = {
			isa = XCConfigurationList;
			buildConfigurations = (
				6003F5BD195388D20070C39A /* Debug */,
				6003F5BE195388D20070C39A /* Release */,
			);
			defaultConfigurationIsVisible = 0;
			defaultConfigurationName = Release;
		};
		6003F5BF195388D20070C39A /* Build configuration list for PBXNativeTarget "Bytedance_UnionAd_Example" */ = {
			isa = XCConfigurationList;
			buildConfigurations = (
				6003F5C0195388D20070C39A /* Debug */,
				6003F5C1195388D20070C39A /* Release */,
			);
			defaultConfigurationIsVisible = 0;
			defaultConfigurationName = Release;
		};
		6003F5C2195388D20070C39A /* Build configuration list for PBXNativeTarget "Bytedance_UnionAd_Tests" */ = {
			isa = XCConfigurationList;
			buildConfigurations = (
				6003F5C3195388D20070C39A /* Debug */,
				6003F5C4195388D20070C39A /* Release */,
			);
			defaultConfigurationIsVisible = 0;
			defaultConfigurationName = Release;
		};
/* End XCConfigurationList section */
	};
	rootObject = 6003F582195388D10070C39A /* Project object */;
}
